// !$*UTF8*$!
{
	archiveVersion = 1;
	classes = {
	};
	objectVersion = 46;
	objects = {

/* Begin PBXBuildFile section */
		0C003FFE1C45E347000DEC34 /* tabBar.m in Sources */ = {isa = PBXBuildFile; fileRef = 0C003FFD1C45E347000DEC34 /* tabBar.m */; };
		0C0040161C45EBD8000DEC34 /* infoVC.m in Sources */ = {isa = PBXBuildFile; fileRef = 0C0040141C45EBD8000DEC34 /* infoVC.m */; };
		0C0040171C45EBD8000DEC34 /* infoVC.xib in Resources */ = {isa = PBXBuildFile; fileRef = 0C0040151C45EBD8000DEC34 /* infoVC.xib */; };
		0C00401B1C45ED69000DEC34 /* specialSubjectVC.m in Sources */ = {isa = PBXBuildFile; fileRef = 0C0040191C45ED69000DEC34 /* specialSubjectVC.m */; };
		0C00401C1C45ED69000DEC34 /* specialSubjectVC.xib in Resources */ = {isa = PBXBuildFile; fileRef = 0C00401A1C45ED69000DEC34 /* specialSubjectVC.xib */; };
		0C00402A1C45EDAB000DEC34 /* tripHelp.m in Sources */ = {isa = PBXBuildFile; fileRef = 0C0040281C45EDAB000DEC34 /* tripHelp.m */; };
		0C00402B1C45EDAB000DEC34 /* tripHelp.xib in Resources */ = {isa = PBXBuildFile; fileRef = 0C0040291C45EDAB000DEC34 /* tripHelp.xib */; };
		0C00402F1C45EDCE000DEC34 /* personalVC.m in Sources */ = {isa = PBXBuildFile; fileRef = 0C00402D1C45EDCE000DEC34 /* personalVC.m */; };
		0C0040301C45EDCE000DEC34 /* personalVC.xib in Resources */ = {isa = PBXBuildFile; fileRef = 0C00402E1C45EDCE000DEC34 /* personalVC.xib */; };
		0C9163591C4750C100E3B53F /* WMLoopView.m in Sources */ = {isa = PBXBuildFile; fileRef = 0C9163581C4750C100E3B53F /* WMLoopView.m */; };
		0C91635C1C4751C700E3B53F /* WMImageViewCell.m in Sources */ = {isa = PBXBuildFile; fileRef = 0C91635B1C4751C700E3B53F /* WMImageViewCell.m */; };
		0C9163631C4751D300E3B53F /* WMCollectionViewController.m in Sources */ = {isa = PBXBuildFile; fileRef = 0C91635E1C4751D300E3B53F /* WMCollectionViewController.m */; };
		0C9163641C4751D300E3B53F /* WMTableViewController.m in Sources */ = {isa = PBXBuildFile; fileRef = 0C9163601C4751D300E3B53F /* WMTableViewController.m */; };
		0C9163651C4751D300E3B53F /* WMViewController.m in Sources */ = {isa = PBXBuildFile; fileRef = 0C9163621C4751D300E3B53F /* WMViewController.m */; };
		0C9163691C478F4F00E3B53F /* detailVC.m in Sources */ = {isa = PBXBuildFile; fileRef = 0C9163671C478F4F00E3B53F /* detailVC.m */; };
		0C91636A1C478F4F00E3B53F /* detailVC.xib in Resources */ = {isa = PBXBuildFile; fileRef = 0C9163681C478F4F00E3B53F /* detailVC.xib */; };
		0CAF73F61C4894EC00CF1A4B /* secondCell.m in Sources */ = {isa = PBXBuildFile; fileRef = 0CAF73F41C4894EC00CF1A4B /* secondCell.m */; };
		0CAF73F71C4894EC00CF1A4B /* secondCell.xib in Resources */ = {isa = PBXBuildFile; fileRef = 0CAF73F51C4894EC00CF1A4B /* secondCell.xib */; };
		0CAF73FB1C489C0000CF1A4B /* contentCell.m in Sources */ = {isa = PBXBuildFile; fileRef = 0CAF73F91C489C0000CF1A4B /* contentCell.m */; };
		0CAF73FC1C489C0000CF1A4B /* contentCell.xib in Resources */ = {isa = PBXBuildFile; fileRef = 0CAF73FA1C489C0000CF1A4B /* contentCell.xib */; };
		0CD1F1941C43519E0081EA7A /* main.m in Sources */ = {isa = PBXBuildFile; fileRef = 0CD1F1931C43519E0081EA7A /* main.m */; };
		0CD1F1971C43519F0081EA7A /* AppDelegate.m in Sources */ = {isa = PBXBuildFile; fileRef = 0CD1F1961C43519F0081EA7A /* AppDelegate.m */; };
		0CD1F19A1C43519F0081EA7A /* ViewController.m in Sources */ = {isa = PBXBuildFile; fileRef = 0CD1F1991C43519F0081EA7A /* ViewController.m */; };
		0CD1F19D1C43519F0081EA7A /* Main.storyboard in Resources */ = {isa = PBXBuildFile; fileRef = 0CD1F19B1C43519F0081EA7A /* Main.storyboard */; };
		0CD1F19F1C43519F0081EA7A /* Assets.xcassets in Resources */ = {isa = PBXBuildFile; fileRef = 0CD1F19E1C43519F0081EA7A /* Assets.xcassets */; };
		0CD1F1A21C43519F0081EA7A /* LaunchScreen.storyboard in Resources */ = {isa = PBXBuildFile; fileRef = 0CD1F1A01C43519F0081EA7A /* LaunchScreen.storyboard */; };
		0CD1F1AD1C43519F0081EA7A /* InternshiptourTests.m in Sources */ = {isa = PBXBuildFile; fileRef = 0CD1F1AC1C43519F0081EA7A /* InternshiptourTests.m */; };
		0CD1F1B81C43519F0081EA7A /* InternshiptourUITests.m in Sources */ = {isa = PBXBuildFile; fileRef = 0CD1F1B71C43519F0081EA7A /* InternshiptourUITests.m */; };
		0CE4C9731C47A6D000AEF229 /* firstCell.m in Sources */ = {isa = PBXBuildFile; fileRef = 0CE4C9711C47A6D000AEF229 /* firstCell.m */; };
		0CE4C9741C47A6D000AEF229 /* firstCell.xib in Resources */ = {isa = PBXBuildFile; fileRef = 0CE4C9721C47A6D000AEF229 /* firstCell.xib */; };
		27249ACD1C48F2E1009892F9 /* commentCell.m in Sources */ = {isa = PBXBuildFile; fileRef = 27249ACB1C48F2E1009892F9 /* commentCell.m */; };
		27249ACE1C48F2E1009892F9 /* commentCell.xib in Resources */ = {isa = PBXBuildFile; fileRef = 27249ACC1C48F2E1009892F9 /* commentCell.xib */; };
		2730EF7F1C50C38400FEF99B /* receivingCell.m in Sources */ = {isa = PBXBuildFile; fileRef = 2730EF7D1C50C38400FEF99B /* receivingCell.m */; };
		2730EF801C50C38400FEF99B /* receivingCell.xib in Resources */ = {isa = PBXBuildFile; fileRef = 2730EF7E1C50C38400FEF99B /* receivingCell.xib */; };
		2730EF911C50E12800FEF99B /* myInviteVC.m in Sources */ = {isa = PBXBuildFile; fileRef = 2730EF8F1C50E12800FEF99B /* myInviteVC.m */; };
		2730EF921C50E12800FEF99B /* myInviteVC.xib in Resources */ = {isa = PBXBuildFile; fileRef = 2730EF901C50E12800FEF99B /* myInviteVC.xib */; };
		274D64461C57611D00F06C03 /* EducationExperienceCell.m in Sources */ = {isa = PBXBuildFile; fileRef = 274D64441C57611D00F06C03 /* EducationExperienceCell.m */; };
		274D64471C57611D00F06C03 /* EducationExperienceCell.xib in Resources */ = {isa = PBXBuildFile; fileRef = 274D64451C57611D00F06C03 /* EducationExperienceCell.xib */; };
		2751709B1C4CE4DA00839F94 /* InfoCell.m in Sources */ = {isa = PBXBuildFile; fileRef = 275170991C4CE4DA00839F94 /* InfoCell.m */; };
		2751709C1C4CE4DA00839F94 /* InfoCell.xib in Resources */ = {isa = PBXBuildFile; fileRef = 2751709A1C4CE4DA00839F94 /* InfoCell.xib */; };
		2789168A1C4F730D006F2804 /* UserCell.m in Sources */ = {isa = PBXBuildFile; fileRef = 278916881C4F730D006F2804 /* UserCell.m */; };
		2789168B1C4F730D006F2804 /* UserCell.xib in Resources */ = {isa = PBXBuildFile; fileRef = 278916891C4F730D006F2804 /* UserCell.xib */; };
		2789168F1C4F8FCD006F2804 /* companyInviteVC.m in Sources */ = {isa = PBXBuildFile; fileRef = 2789168D1C4F8FCD006F2804 /* companyInviteVC.m */; };
		278916901C4F8FCD006F2804 /* companyInviteVC.xib in Resources */ = {isa = PBXBuildFile; fileRef = 2789168E1C4F8FCD006F2804 /* companyInviteVC.xib */; };
		27AD7BB71C56245B003ADCA9 /* ExpectedIndustryVC.m in Sources */ = {isa = PBXBuildFile; fileRef = 27AD7BB51C56245B003ADCA9 /* ExpectedIndustryVC.m */; };
		27AD7BB81C56245B003ADCA9 /* ExpectedIndustryVC.xib in Resources */ = {isa = PBXBuildFile; fileRef = 27AD7BB61C56245B003ADCA9 /* ExpectedIndustryVC.xib */; };
		27BE77FC1C59B734005A9607 /* majorVC.m in Sources */ = {isa = PBXBuildFile; fileRef = 27BE77FA1C59B734005A9607 /* majorVC.m */; };
		27BE77FD1C59B734005A9607 /* majorVC.xib in Resources */ = {isa = PBXBuildFile; fileRef = 27BE77FB1C59B734005A9607 /* majorVC.xib */; };
		27BE78011C59C931005A9607 /* majorDetailVC.m in Sources */ = {isa = PBXBuildFile; fileRef = 27BE77FF1C59C931005A9607 /* majorDetailVC.m */; };
		27BE78021C59C931005A9607 /* majorDetailVC.xib in Resources */ = {isa = PBXBuildFile; fileRef = 27BE78001C59C931005A9607 /* majorDetailVC.xib */; };
		27BE78071C5A0492005A9607 /* majorDescribeVC.m in Sources */ = {isa = PBXBuildFile; fileRef = 27BE78051C5A0492005A9607 /* majorDescribeVC.m */; };
		27BE78081C5A0492005A9607 /* majorDescribeVC.xib in Resources */ = {isa = PBXBuildFile; fileRef = 27BE78061C5A0492005A9607 /* majorDescribeVC.xib */; };
		27BE780D1C5A15AF005A9607 /* InternshipExperienceVC.m in Sources */ = {isa = PBXBuildFile; fileRef = 27BE780B1C5A15AF005A9607 /* InternshipExperienceVC.m */; };
		27BE780E1C5A15AF005A9607 /* InternshipExperienceVC.xib in Resources */ = {isa = PBXBuildFile; fileRef = 27BE780C1C5A15AF005A9607 /* InternshipExperienceVC.xib */; };
		27C8602B1C51C8E400B13E09 /* myResumeVC.m in Sources */ = {isa = PBXBuildFile; fileRef = 27C860291C51C8E400B13E09 /* myResumeVC.m */; };
		27C8602C1C51C8E400B13E09 /* myResumeVC.xib in Resources */ = {isa = PBXBuildFile; fileRef = 27C8602A1C51C8E400B13E09 /* myResumeVC.xib */; };
		27C860301C51D18800B13E09 /* myResumeCell.m in Sources */ = {isa = PBXBuildFile; fileRef = 27C8602E1C51D18800B13E09 /* myResumeCell.m */; };
		27C860311C51D18800B13E09 /* myResumeCell.xib in Resources */ = {isa = PBXBuildFile; fileRef = 27C8602F1C51D18800B13E09 /* myResumeCell.xib */; };
		27ED8B751C59069800F0AE7D /* cityVC.m in Sources */ = {isa = PBXBuildFile; fileRef = 27ED8B731C59069800F0AE7D /* cityVC.m */; };
		27ED8B761C59069800F0AE7D /* cityVC.xib in Resources */ = {isa = PBXBuildFile; fileRef = 27ED8B741C59069800F0AE7D /* cityVC.xib */; };
		27ED8B791C5906DD00F0AE7D /* cityBModel.m in Sources */ = {isa = PBXBuildFile; fileRef = 27ED8B781C5906DD00F0AE7D /* cityBModel.m */; };
		27F514141C57A7B200DE783A /* ExpectedIndustryCell.m in Sources */ = {isa = PBXBuildFile; fileRef = 27F514121C57A7B200DE783A /* ExpectedIndustryCell.m */; };
		27F514151C57A7B200DE783A /* ExpectedIndustryCell.xib in Resources */ = {isa = PBXBuildFile; fileRef = 27F514131C57A7B200DE783A /* ExpectedIndustryCell.xib */; };
		27F78CAA1C586B6900D843C5 /* locationVC.m in Sources */ = {isa = PBXBuildFile; fileRef = 27F78CA81C586B6900D843C5 /* locationVC.m */; };
		27F78CAB1C586B6900D843C5 /* locationVC.xib in Resources */ = {isa = PBXBuildFile; fileRef = 27F78CA91C586B6900D843C5 /* locationVC.xib */; };
		27F78CAD1C58725700D843C5 /* libsqlite3.tbd in Frameworks */ = {isa = PBXBuildFile; fileRef = 27F78CAC1C58725700D843C5 /* libsqlite3.tbd */; };
		27F78CB11C58728A00D843C5 /* ocenter_city.sql in Resources */ = {isa = PBXBuildFile; fileRef = 27F78CAF1C58728A00D843C5 /* ocenter_city.sql */; };
		27F78CB21C58728A00D843C5 /* ocenter_country.sql in Resources */ = {isa = PBXBuildFile; fileRef = 27F78CB01C58728A00D843C5 /* ocenter_country.sql */; };
		27F78CB51C58907900D843C5 /* FMDBManager.m in Sources */ = {isa = PBXBuildFile; fileRef = 27F78CB41C58907900D843C5 /* FMDBManager.m */; };
		27F78CBC1C58C00400D843C5 /* cityModel.m in Sources */ = {isa = PBXBuildFile; fileRef = 27F78CBB1C58C00400D843C5 /* cityModel.m */; };
		27F78CC01C58C1C500D843C5 /* cityCell.m in Sources */ = {isa = PBXBuildFile; fileRef = 27F78CBE1C58C1C500D843C5 /* cityCell.m */; };
		27F78CC11C58C1C500D843C5 /* cityCell.xib in Resources */ = {isa = PBXBuildFile; fileRef = 27F78CBF1C58C1C500D843C5 /* cityCell.xib */; };
		27FBA0251C5748300087D8A6 /* headCellView.m in Sources */ = {isa = PBXBuildFile; fileRef = 27FBA0241C5748300087D8A6 /* headCellView.m */; };
		27FBA0271C5748490087D8A6 /* headCellView.xib in Resources */ = {isa = PBXBuildFile; fileRef = 27FBA0261C5748490087D8A6 /* headCellView.xib */; };
		27FBA0351C575AED0087D8A6 /* EducationExperienceVC.m in Sources */ = {isa = PBXBuildFile; fileRef = 27FBA0331C575AED0087D8A6 /* EducationExperienceVC.m */; };
		27FBA0361C575AED0087D8A6 /* EducationExperienceVC.xib in Resources */ = {isa = PBXBuildFile; fileRef = 27FBA0341C575AED0087D8A6 /* EducationExperienceVC.xib */; };
		27FDD91C1C50854900FA8A5D /* AlreadyAcceptedCell.m in Sources */ = {isa = PBXBuildFile; fileRef = 27FDD91A1C50854900FA8A5D /* AlreadyAcceptedCell.m */; };
		27FDD91D1C50854900FA8A5D /* AlreadyAcceptedCell.xib in Resources */ = {isa = PBXBuildFile; fileRef = 27FDD91B1C50854900FA8A5D /* AlreadyAcceptedCell.xib */; };
		27FF53811C52014C0003D2F5 /* setUpResumeVC.m in Sources */ = {isa = PBXBuildFile; fileRef = 27FF537F1C52014C0003D2F5 /* setUpResumeVC.m */; };
		27FF53821C52014C0003D2F5 /* setUpResumeVC.xib in Resources */ = {isa = PBXBuildFile; fileRef = 27FF53801C52014C0003D2F5 /* setUpResumeVC.xib */; };
		27FF53861C52107B0003D2F5 /* setUpCell.m in Sources */ = {isa = PBXBuildFile; fileRef = 27FF53841C52107B0003D2F5 /* setUpCell.m */; };
		27FF53871C52107B0003D2F5 /* setUpCell.xib in Resources */ = {isa = PBXBuildFile; fileRef = 27FF53851C52107B0003D2F5 /* setUpCell.xib */; };
		27FF538B1C521C4B0003D2F5 /* userInfoVC.m in Sources */ = {isa = PBXBuildFile; fileRef = 27FF53891C521C4B0003D2F5 /* userInfoVC.m */; };
		27FF538C1C521C4B0003D2F5 /* userInfoVC.xib in Resources */ = {isa = PBXBuildFile; fileRef = 27FF538A1C521C4B0003D2F5 /* userInfoVC.xib */; };
		27FF53901C5223A80003D2F5 /* sexCell.m in Sources */ = {isa = PBXBuildFile; fileRef = 27FF538E1C5223A80003D2F5 /* sexCell.m */; };
		27FF53911C5223A80003D2F5 /* sexCell.xib in Resources */ = {isa = PBXBuildFile; fileRef = 27FF538F1C5223A80003D2F5 /* sexCell.xib */; };
		27FF53951C5224D70003D2F5 /* DirectInputCell.m in Sources */ = {isa = PBXBuildFile; fileRef = 27FF53931C5224D70003D2F5 /* DirectInputCell.m */; };
		27FF53961C5224D70003D2F5 /* DirectInputCell.xib in Resources */ = {isa = PBXBuildFile; fileRef = 27FF53941C5224D70003D2F5 /* DirectInputCell.xib */; };
		27FF539A1C5225070003D2F5 /* InToVCCell.m in Sources */ = {isa = PBXBuildFile; fileRef = 27FF53981C5225070003D2F5 /* InToVCCell.m */; };
		27FF539B1C5225070003D2F5 /* InToVCCell.xib in Resources */ = {isa = PBXBuildFile; fileRef = 27FF53991C5225070003D2F5 /* InToVCCell.xib */; };
		B987021C2C4CF972796A9659 /* libPods.a in Frameworks */ = {isa = PBXBuildFile; fileRef = 088F6099FC78EAA8D7F07B80 /* libPods.a */; };
/* End PBXBuildFile section */

/* Begin PBXContainerItemProxy section */
		0CD1F1A91C43519F0081EA7A /* PBXContainerItemProxy */ = {
			isa = PBXContainerItemProxy;
			containerPortal = 0CD1F1871C43519E0081EA7A /* Project object */;
			proxyType = 1;
			remoteGlobalIDString = 0CD1F18E1C43519E0081EA7A;
			remoteInfo = Internshiptour;
		};
		0CD1F1B41C43519F0081EA7A /* PBXContainerItemProxy */ = {
			isa = PBXContainerItemProxy;
			containerPortal = 0CD1F1871C43519E0081EA7A /* Project object */;
			proxyType = 1;
			remoteGlobalIDString = 0CD1F18E1C43519E0081EA7A;
			remoteInfo = Internshiptour;
		};
/* End PBXContainerItemProxy section */

/* Begin PBXFileReference section */
		088F6099FC78EAA8D7F07B80 /* libPods.a */ = {isa = PBXFileReference; explicitFileType = archive.ar; includeInIndex = 0; path = libPods.a; sourceTree = BUILT_PRODUCTS_DIR; };
		08E7E85B655C1FFB575A0EC9 /* Pods.debug.xcconfig */ = {isa = PBXFileReference; includeInIndex = 1; lastKnownFileType = text.xcconfig; name = Pods.debug.xcconfig; path = "Pods/Target Support Files/Pods/Pods.debug.xcconfig"; sourceTree = "<group>"; };
		0C003FFC1C45E347000DEC34 /* tabBar.h */ = {isa = PBXFileReference; fileEncoding = 4; lastKnownFileType = sourcecode.c.h; path = tabBar.h; sourceTree = "<group>"; };
		0C003FFD1C45E347000DEC34 /* tabBar.m */ = {isa = PBXFileReference; fileEncoding = 4; lastKnownFileType = sourcecode.c.objc; path = tabBar.m; sourceTree = "<group>"; };
		0C0040131C45EBD8000DEC34 /* infoVC.h */ = {isa = PBXFileReference; fileEncoding = 4; lastKnownFileType = sourcecode.c.h; name = infoVC.h; path = "Classes/资讯/Controllers/infoVC.h"; sourceTree = "<group>"; };
		0C0040141C45EBD8000DEC34 /* infoVC.m */ = {isa = PBXFileReference; fileEncoding = 4; lastKnownFileType = sourcecode.c.objc; name = infoVC.m; path = "Classes/资讯/Controllers/infoVC.m"; sourceTree = "<group>"; };
		0C0040151C45EBD8000DEC34 /* infoVC.xib */ = {isa = PBXFileReference; fileEncoding = 4; lastKnownFileType = file.xib; name = infoVC.xib; path = "Classes/资讯/Controllers/infoVC.xib"; sourceTree = "<group>"; };
		0C0040181C45ED69000DEC34 /* specialSubjectVC.h */ = {isa = PBXFileReference; fileEncoding = 4; lastKnownFileType = sourcecode.c.h; name = specialSubjectVC.h; path = "Classes/专题/Controllers/specialSubjectVC.h"; sourceTree = "<group>"; };
		0C0040191C45ED69000DEC34 /* specialSubjectVC.m */ = {isa = PBXFileReference; fileEncoding = 4; lastKnownFileType = sourcecode.c.objc; name = specialSubjectVC.m; path = "Classes/专题/Controllers/specialSubjectVC.m"; sourceTree = "<group>"; };
		0C00401A1C45ED69000DEC34 /* specialSubjectVC.xib */ = {isa = PBXFileReference; fileEncoding = 4; lastKnownFileType = file.xib; name = specialSubjectVC.xib; path = "Classes/专题/Controllers/specialSubjectVC.xib"; sourceTree = "<group>"; };
		0C0040271C45EDAB000DEC34 /* tripHelp.h */ = {isa = PBXFileReference; fileEncoding = 4; lastKnownFileType = sourcecode.c.h; name = tripHelp.h; path = "Classes/行程帮助/Controllers/tripHelp.h"; sourceTree = "<group>"; };
		0C0040281C45EDAB000DEC34 /* tripHelp.m */ = {isa = PBXFileReference; fileEncoding = 4; lastKnownFileType = sourcecode.c.objc; name = tripHelp.m; path = "Classes/行程帮助/Controllers/tripHelp.m"; sourceTree = "<group>"; };
		0C0040291C45EDAB000DEC34 /* tripHelp.xib */ = {isa = PBXFileReference; fileEncoding = 4; lastKnownFileType = file.xib; name = tripHelp.xib; path = "Classes/行程帮助/Controllers/tripHelp.xib"; sourceTree = "<group>"; };
		0C00402C1C45EDCE000DEC34 /* personalVC.h */ = {isa = PBXFileReference; fileEncoding = 4; lastKnownFileType = sourcecode.c.h; name = personalVC.h; path = "Classes/我的/Controllers/personalVC.h"; sourceTree = "<group>"; };
		0C00402D1C45EDCE000DEC34 /* personalVC.m */ = {isa = PBXFileReference; fileEncoding = 4; lastKnownFileType = sourcecode.c.objc; name = personalVC.m; path = "Classes/我的/Controllers/personalVC.m"; sourceTree = "<group>"; };
		0C00402E1C45EDCE000DEC34 /* personalVC.xib */ = {isa = PBXFileReference; fileEncoding = 4; lastKnownFileType = file.xib; name = personalVC.xib; path = "Classes/我的/Controllers/personalVC.xib"; sourceTree = "<group>"; };
		0C9163571C4750C100E3B53F /* WMLoopView.h */ = {isa = PBXFileReference; fileEncoding = 4; lastKnownFileType = sourcecode.c.h; name = WMLoopView.h; path = "Classes/资讯/Views/WMLoopView.h"; sourceTree = "<group>"; };
		0C9163581C4750C100E3B53F /* WMLoopView.m */ = {isa = PBXFileReference; fileEncoding = 4; lastKnownFileType = sourcecode.c.objc; name = WMLoopView.m; path = "Classes/资讯/Views/WMLoopView.m"; sourceTree = "<group>"; };
		0C91635A1C4751C700E3B53F /* WMImageViewCell.h */ = {isa = PBXFileReference; fileEncoding = 4; lastKnownFileType = sourcecode.c.h; name = WMImageViewCell.h; path = "Classes/资讯/Views/WMImageViewCell.h"; sourceTree = "<group>"; };
		0C91635B1C4751C700E3B53F /* WMImageViewCell.m */ = {isa = PBXFileReference; fileEncoding = 4; lastKnownFileType = sourcecode.c.objc; name = WMImageViewCell.m; path = "Classes/资讯/Views/WMImageViewCell.m"; sourceTree = "<group>"; };
		0C91635D1C4751D300E3B53F /* WMCollectionViewController.h */ = {isa = PBXFileReference; fileEncoding = 4; lastKnownFileType = sourcecode.c.h; name = WMCollectionViewController.h; path = "Classes/资讯/Controllers/WMCollectionViewController.h"; sourceTree = "<group>"; };
		0C91635E1C4751D300E3B53F /* WMCollectionViewController.m */ = {isa = PBXFileReference; fileEncoding = 4; lastKnownFileType = sourcecode.c.objc; name = WMCollectionViewController.m; path = "Classes/资讯/Controllers/WMCollectionViewController.m"; sourceTree = "<group>"; };
		0C91635F1C4751D300E3B53F /* WMTableViewController.h */ = {isa = PBXFileReference; fileEncoding = 4; lastKnownFileType = sourcecode.c.h; name = WMTableViewController.h; path = "Classes/资讯/Controllers/WMTableViewController.h"; sourceTree = "<group>"; };
		0C9163601C4751D300E3B53F /* WMTableViewController.m */ = {isa = PBXFileReference; fileEncoding = 4; lastKnownFileType = sourcecode.c.objc; name = WMTableViewController.m; path = "Classes/资讯/Controllers/WMTableViewController.m"; sourceTree = "<group>"; };
		0C9163611C4751D300E3B53F /* WMViewController.h */ = {isa = PBXFileReference; fileEncoding = 4; lastKnownFileType = sourcecode.c.h; name = WMViewController.h; path = "Classes/资讯/Controllers/WMViewController.h"; sourceTree = "<group>"; };
		0C9163621C4751D300E3B53F /* WMViewController.m */ = {isa = PBXFileReference; fileEncoding = 4; lastKnownFileType = sourcecode.c.objc; name = WMViewController.m; path = "Classes/资讯/Controllers/WMViewController.m"; sourceTree = "<group>"; };
		0C9163661C478F4F00E3B53F /* detailVC.h */ = {isa = PBXFileReference; fileEncoding = 4; lastKnownFileType = sourcecode.c.h; name = detailVC.h; path = "Classes/资讯/Controllers/detailVC.h"; sourceTree = "<group>"; };
		0C9163671C478F4F00E3B53F /* detailVC.m */ = {isa = PBXFileReference; fileEncoding = 4; lastKnownFileType = sourcecode.c.objc; name = detailVC.m; path = "Classes/资讯/Controllers/detailVC.m"; sourceTree = "<group>"; };
		0C9163681C478F4F00E3B53F /* detailVC.xib */ = {isa = PBXFileReference; fileEncoding = 4; lastKnownFileType = file.xib; name = detailVC.xib; path = "Classes/资讯/Controllers/detailVC.xib"; sourceTree = "<group>"; };
		0CAF73F31C4894EC00CF1A4B /* secondCell.h */ = {isa = PBXFileReference; fileEncoding = 4; lastKnownFileType = sourcecode.c.h; name = secondCell.h; path = "Classes/资讯/Views/secondCell.h"; sourceTree = "<group>"; };
		0CAF73F41C4894EC00CF1A4B /* secondCell.m */ = {isa = PBXFileReference; fileEncoding = 4; lastKnownFileType = sourcecode.c.objc; name = secondCell.m; path = "Classes/资讯/Views/secondCell.m"; sourceTree = "<group>"; };
		0CAF73F51C4894EC00CF1A4B /* secondCell.xib */ = {isa = PBXFileReference; fileEncoding = 4; lastKnownFileType = file.xib; name = secondCell.xib; path = "Classes/资讯/Views/secondCell.xib"; sourceTree = "<group>"; };
		0CAF73F81C489C0000CF1A4B /* contentCell.h */ = {isa = PBXFileReference; fileEncoding = 4; lastKnownFileType = sourcecode.c.h; name = contentCell.h; path = "Classes/资讯/Views/contentCell.h"; sourceTree = "<group>"; };
		0CAF73F91C489C0000CF1A4B /* contentCell.m */ = {isa = PBXFileReference; fileEncoding = 4; lastKnownFileType = sourcecode.c.objc; name = contentCell.m; path = "Classes/资讯/Views/contentCell.m"; sourceTree = "<group>"; };
		0CAF73FA1C489C0000CF1A4B /* contentCell.xib */ = {isa = PBXFileReference; fileEncoding = 4; lastKnownFileType = file.xib; name = contentCell.xib; path = "Classes/资讯/Views/contentCell.xib"; sourceTree = "<group>"; };
		0CD1F18F1C43519E0081EA7A /* Internshiptour.app */ = {isa = PBXFileReference; explicitFileType = wrapper.application; includeInIndex = 0; path = Internshiptour.app; sourceTree = BUILT_PRODUCTS_DIR; };
		0CD1F1931C43519E0081EA7A /* main.m */ = {isa = PBXFileReference; lastKnownFileType = sourcecode.c.objc; path = main.m; sourceTree = "<group>"; };
		0CD1F1951C43519E0081EA7A /* AppDelegate.h */ = {isa = PBXFileReference; lastKnownFileType = sourcecode.c.h; path = AppDelegate.h; sourceTree = "<group>"; };
		0CD1F1961C43519F0081EA7A /* AppDelegate.m */ = {isa = PBXFileReference; lastKnownFileType = sourcecode.c.objc; path = AppDelegate.m; sourceTree = "<group>"; };
		0CD1F1981C43519F0081EA7A /* ViewController.h */ = {isa = PBXFileReference; lastKnownFileType = sourcecode.c.h; path = ViewController.h; sourceTree = "<group>"; };
		0CD1F1991C43519F0081EA7A /* ViewController.m */ = {isa = PBXFileReference; lastKnownFileType = sourcecode.c.objc; path = ViewController.m; sourceTree = "<group>"; };
		0CD1F19C1C43519F0081EA7A /* Base */ = {isa = PBXFileReference; lastKnownFileType = file.storyboard; name = Base; path = Base.lproj/Main.storyboard; sourceTree = "<group>"; };
		0CD1F19E1C43519F0081EA7A /* Assets.xcassets */ = {isa = PBXFileReference; lastKnownFileType = folder.assetcatalog; path = Assets.xcassets; sourceTree = "<group>"; };
		0CD1F1A11C43519F0081EA7A /* Base */ = {isa = PBXFileReference; lastKnownFileType = file.storyboard; name = Base; path = Base.lproj/LaunchScreen.storyboard; sourceTree = "<group>"; };
		0CD1F1A31C43519F0081EA7A /* Info.plist */ = {isa = PBXFileReference; lastKnownFileType = text.plist.xml; path = Info.plist; sourceTree = "<group>"; };
		0CD1F1A81C43519F0081EA7A /* InternshiptourTests.xctest */ = {isa = PBXFileReference; explicitFileType = wrapper.cfbundle; includeInIndex = 0; path = InternshiptourTests.xctest; sourceTree = BUILT_PRODUCTS_DIR; };
		0CD1F1AC1C43519F0081EA7A /* InternshiptourTests.m */ = {isa = PBXFileReference; lastKnownFileType = sourcecode.c.objc; path = InternshiptourTests.m; sourceTree = "<group>"; };
		0CD1F1AE1C43519F0081EA7A /* Info.plist */ = {isa = PBXFileReference; lastKnownFileType = text.plist.xml; path = Info.plist; sourceTree = "<group>"; };
		0CD1F1B31C43519F0081EA7A /* InternshiptourUITests.xctest */ = {isa = PBXFileReference; explicitFileType = wrapper.cfbundle; includeInIndex = 0; path = InternshiptourUITests.xctest; sourceTree = BUILT_PRODUCTS_DIR; };
		0CD1F1B71C43519F0081EA7A /* InternshiptourUITests.m */ = {isa = PBXFileReference; lastKnownFileType = sourcecode.c.objc; path = InternshiptourUITests.m; sourceTree = "<group>"; };
		0CD1F1B91C43519F0081EA7A /* Info.plist */ = {isa = PBXFileReference; lastKnownFileType = text.plist.xml; path = Info.plist; sourceTree = "<group>"; };
		0CE4C9701C47A6D000AEF229 /* firstCell.h */ = {isa = PBXFileReference; fileEncoding = 4; lastKnownFileType = sourcecode.c.h; name = firstCell.h; path = "Classes/资讯/Views/firstCell.h"; sourceTree = "<group>"; };
		0CE4C9711C47A6D000AEF229 /* firstCell.m */ = {isa = PBXFileReference; fileEncoding = 4; lastKnownFileType = sourcecode.c.objc; name = firstCell.m; path = "Classes/资讯/Views/firstCell.m"; sourceTree = "<group>"; };
		0CE4C9721C47A6D000AEF229 /* firstCell.xib */ = {isa = PBXFileReference; fileEncoding = 4; lastKnownFileType = file.xib; name = firstCell.xib; path = "Classes/资讯/Views/firstCell.xib"; sourceTree = "<group>"; };
		27249AC51C48F2BC009892F9 /* Internshiptour-Bridging-Header.h */ = {isa = PBXFileReference; lastKnownFileType = sourcecode.c.h; path = "Internshiptour-Bridging-Header.h"; sourceTree = "<group>"; };
		27249ACA1C48F2E1009892F9 /* commentCell.h */ = {isa = PBXFileReference; fileEncoding = 4; lastKnownFileType = sourcecode.c.h; name = commentCell.h; path = "Classes/资讯/Views/commentCell.h"; sourceTree = "<group>"; };
		27249ACB1C48F2E1009892F9 /* commentCell.m */ = {isa = PBXFileReference; fileEncoding = 4; lastKnownFileType = sourcecode.c.objc; name = commentCell.m; path = "Classes/资讯/Views/commentCell.m"; sourceTree = "<group>"; };
		27249ACC1C48F2E1009892F9 /* commentCell.xib */ = {isa = PBXFileReference; fileEncoding = 4; lastKnownFileType = file.xib; name = commentCell.xib; path = "Classes/资讯/Views/commentCell.xib"; sourceTree = "<group>"; };
		2730EF7C1C50C38400FEF99B /* receivingCell.h */ = {isa = PBXFileReference; fileEncoding = 4; lastKnownFileType = sourcecode.c.h; name = receivingCell.h; path = "Classes/我的/Views/receivingCell.h"; sourceTree = "<group>"; };
		2730EF7D1C50C38400FEF99B /* receivingCell.m */ = {isa = PBXFileReference; fileEncoding = 4; lastKnownFileType = sourcecode.c.objc; name = receivingCell.m; path = "Classes/我的/Views/receivingCell.m"; sourceTree = "<group>"; };
		2730EF7E1C50C38400FEF99B /* receivingCell.xib */ = {isa = PBXFileReference; fileEncoding = 4; lastKnownFileType = file.xib; name = receivingCell.xib; path = "Classes/我的/Views/receivingCell.xib"; sourceTree = "<group>"; };
		2730EF8E1C50E12800FEF99B /* myInviteVC.h */ = {isa = PBXFileReference; fileEncoding = 4; lastKnownFileType = sourcecode.c.h; name = myInviteVC.h; path = "Classes/我的/Views/myInviteVC.h"; sourceTree = "<group>"; };
		2730EF8F1C50E12800FEF99B /* myInviteVC.m */ = {isa = PBXFileReference; fileEncoding = 4; lastKnownFileType = sourcecode.c.objc; name = myInviteVC.m; path = "Classes/我的/Views/myInviteVC.m"; sourceTree = "<group>"; };
		2730EF901C50E12800FEF99B /* myInviteVC.xib */ = {isa = PBXFileReference; fileEncoding = 4; lastKnownFileType = file.xib; name = myInviteVC.xib; path = "Classes/我的/Views/myInviteVC.xib"; sourceTree = "<group>"; };
		274D64431C57611D00F06C03 /* EducationExperienceCell.h */ = {isa = PBXFileReference; fileEncoding = 4; lastKnownFileType = sourcecode.c.h; name = EducationExperienceCell.h; path = "Classes/我的/Views/EducationExperienceCell.h"; sourceTree = "<group>"; };
		274D64441C57611D00F06C03 /* EducationExperienceCell.m */ = {isa = PBXFileReference; fileEncoding = 4; lastKnownFileType = sourcecode.c.objc; name = EducationExperienceCell.m; path = "Classes/我的/Views/EducationExperienceCell.m"; sourceTree = "<group>"; };
		274D64451C57611D00F06C03 /* EducationExperienceCell.xib */ = {isa = PBXFileReference; fileEncoding = 4; lastKnownFileType = file.xib; name = EducationExperienceCell.xib; path = "Classes/我的/Views/EducationExperienceCell.xib"; sourceTree = "<group>"; };
		275170981C4CE4DA00839F94 /* InfoCell.h */ = {isa = PBXFileReference; fileEncoding = 4; lastKnownFileType = sourcecode.c.h; name = InfoCell.h; path = "Classes/资讯/Views/InfoCell.h"; sourceTree = "<group>"; };
		275170991C4CE4DA00839F94 /* InfoCell.m */ = {isa = PBXFileReference; fileEncoding = 4; lastKnownFileType = sourcecode.c.objc; name = InfoCell.m; path = "Classes/资讯/Views/InfoCell.m"; sourceTree = "<group>"; };
		2751709A1C4CE4DA00839F94 /* InfoCell.xib */ = {isa = PBXFileReference; fileEncoding = 4; lastKnownFileType = file.xib; name = InfoCell.xib; path = "Classes/资讯/Views/InfoCell.xib"; sourceTree = "<group>"; };
		278916871C4F730D006F2804 /* UserCell.h */ = {isa = PBXFileReference; fileEncoding = 4; lastKnownFileType = sourcecode.c.h; name = UserCell.h; path = "Classes/我的/Views/UserCell.h"; sourceTree = "<group>"; };
		278916881C4F730D006F2804 /* UserCell.m */ = {isa = PBXFileReference; fileEncoding = 4; lastKnownFileType = sourcecode.c.objc; name = UserCell.m; path = "Classes/我的/Views/UserCell.m"; sourceTree = "<group>"; };
		278916891C4F730D006F2804 /* UserCell.xib */ = {isa = PBXFileReference; fileEncoding = 4; lastKnownFileType = file.xib; name = UserCell.xib; path = "Classes/我的/Views/UserCell.xib"; sourceTree = "<group>"; };
		2789168C1C4F8FCD006F2804 /* companyInviteVC.h */ = {isa = PBXFileReference; fileEncoding = 4; lastKnownFileType = sourcecode.c.h; name = companyInviteVC.h; path = "Classes/我的/Controllers/companyInviteVC.h"; sourceTree = "<group>"; };
		2789168D1C4F8FCD006F2804 /* companyInviteVC.m */ = {isa = PBXFileReference; fileEncoding = 4; lastKnownFileType = sourcecode.c.objc; name = companyInviteVC.m; path = "Classes/我的/Controllers/companyInviteVC.m"; sourceTree = "<group>"; };
		2789168E1C4F8FCD006F2804 /* companyInviteVC.xib */ = {isa = PBXFileReference; fileEncoding = 4; lastKnownFileType = file.xib; name = companyInviteVC.xib; path = "Classes/我的/Controllers/companyInviteVC.xib"; sourceTree = "<group>"; };
		27AD7BB41C56245B003ADCA9 /* ExpectedIndustryVC.h */ = {isa = PBXFileReference; fileEncoding = 4; lastKnownFileType = sourcecode.c.h; name = ExpectedIndustryVC.h; path = "Classes/我的/Controllers/ExpectedIndustryVC.h"; sourceTree = "<group>"; };
		27AD7BB51C56245B003ADCA9 /* ExpectedIndustryVC.m */ = {isa = PBXFileReference; fileEncoding = 4; lastKnownFileType = sourcecode.c.objc; name = ExpectedIndustryVC.m; path = "Classes/我的/Controllers/ExpectedIndustryVC.m"; sourceTree = "<group>"; };
		27AD7BB61C56245B003ADCA9 /* ExpectedIndustryVC.xib */ = {isa = PBXFileReference; fileEncoding = 4; lastKnownFileType = file.xib; name = ExpectedIndustryVC.xib; path = "Classes/我的/Controllers/ExpectedIndustryVC.xib"; sourceTree = "<group>"; };
		27BE77F91C59B734005A9607 /* majorVC.h */ = {isa = PBXFileReference; fileEncoding = 4; lastKnownFileType = sourcecode.c.h; name = majorVC.h; path = "Classes/我的/Controllers/majorVC.h"; sourceTree = "<group>"; };
		27BE77FA1C59B734005A9607 /* majorVC.m */ = {isa = PBXFileReference; fileEncoding = 4; lastKnownFileType = sourcecode.c.objc; name = majorVC.m; path = "Classes/我的/Controllers/majorVC.m"; sourceTree = "<group>"; };
		27BE77FB1C59B734005A9607 /* majorVC.xib */ = {isa = PBXFileReference; fileEncoding = 4; lastKnownFileType = file.xib; name = majorVC.xib; path = "Classes/我的/Controllers/majorVC.xib"; sourceTree = "<group>"; };
		27BE77FE1C59C931005A9607 /* majorDetailVC.h */ = {isa = PBXFileReference; fileEncoding = 4; lastKnownFileType = sourcecode.c.h; name = majorDetailVC.h; path = "Classes/我的/Controllers/majorDetailVC.h"; sourceTree = "<group>"; };
		27BE77FF1C59C931005A9607 /* majorDetailVC.m */ = {isa = PBXFileReference; fileEncoding = 4; lastKnownFileType = sourcecode.c.objc; name = majorDetailVC.m; path = "Classes/我的/Controllers/majorDetailVC.m"; sourceTree = "<group>"; };
		27BE78001C59C931005A9607 /* majorDetailVC.xib */ = {isa = PBXFileReference; fileEncoding = 4; lastKnownFileType = file.xib; name = majorDetailVC.xib; path = "Classes/我的/Controllers/majorDetailVC.xib"; sourceTree = "<group>"; };
		27BE78041C5A0492005A9607 /* majorDescribeVC.h */ = {isa = PBXFileReference; fileEncoding = 4; lastKnownFileType = sourcecode.c.h; name = majorDescribeVC.h; path = "Classes/我的/Controllers/majorDescribeVC.h"; sourceTree = "<group>"; };
		27BE78051C5A0492005A9607 /* majorDescribeVC.m */ = {isa = PBXFileReference; fileEncoding = 4; lastKnownFileType = sourcecode.c.objc; name = majorDescribeVC.m; path = "Classes/我的/Controllers/majorDescribeVC.m"; sourceTree = "<group>"; };
		27BE78061C5A0492005A9607 /* majorDescribeVC.xib */ = {isa = PBXFileReference; fileEncoding = 4; lastKnownFileType = file.xib; name = majorDescribeVC.xib; path = "Classes/我的/Controllers/majorDescribeVC.xib"; sourceTree = "<group>"; };
		27BE780A1C5A15AF005A9607 /* InternshipExperienceVC.h */ = {isa = PBXFileReference; fileEncoding = 4; lastKnownFileType = sourcecode.c.h; name = InternshipExperienceVC.h; path = "Classes/我的/Controllers/InternshipExperienceVC.h"; sourceTree = "<group>"; };
		27BE780B1C5A15AF005A9607 /* InternshipExperienceVC.m */ = {isa = PBXFileReference; fileEncoding = 4; lastKnownFileType = sourcecode.c.objc; name = InternshipExperienceVC.m; path = "Classes/我的/Controllers/InternshipExperienceVC.m"; sourceTree = "<group>"; };
		27BE780C1C5A15AF005A9607 /* InternshipExperienceVC.xib */ = {isa = PBXFileReference; fileEncoding = 4; lastKnownFileType = file.xib; name = InternshipExperienceVC.xib; path = "Classes/我的/Controllers/InternshipExperienceVC.xib"; sourceTree = "<group>"; };
		27C3FB6E1C4DF23B00B62959 /* Header.h */ = {isa = PBXFileReference; lastKnownFileType = sourcecode.c.h; path = Header.h; sourceTree = "<group>"; };
		27C3FB6F1C4DF2CA00B62959 /* Internshiptour-Prefix.pch */ = {isa = PBXFileReference; lastKnownFileType = sourcecode.c.h; path = "Internshiptour-Prefix.pch"; sourceTree = "<group>"; };
		27C860281C51C8E400B13E09 /* myResumeVC.h */ = {isa = PBXFileReference; fileEncoding = 4; lastKnownFileType = sourcecode.c.h; name = myResumeVC.h; path = "Classes/我的/Controllers/myResumeVC.h"; sourceTree = "<group>"; };
		27C860291C51C8E400B13E09 /* myResumeVC.m */ = {isa = PBXFileReference; fileEncoding = 4; lastKnownFileType = sourcecode.c.objc; name = myResumeVC.m; path = "Classes/我的/Controllers/myResumeVC.m"; sourceTree = "<group>"; };
		27C8602A1C51C8E400B13E09 /* myResumeVC.xib */ = {isa = PBXFileReference; fileEncoding = 4; lastKnownFileType = file.xib; name = myResumeVC.xib; path = "Classes/我的/Controllers/myResumeVC.xib"; sourceTree = "<group>"; };
		27C8602D1C51D18800B13E09 /* myResumeCell.h */ = {isa = PBXFileReference; fileEncoding = 4; lastKnownFileType = sourcecode.c.h; name = myResumeCell.h; path = "Classes/我的/Views/myResumeCell.h"; sourceTree = "<group>"; };
		27C8602E1C51D18800B13E09 /* myResumeCell.m */ = {isa = PBXFileReference; fileEncoding = 4; lastKnownFileType = sourcecode.c.objc; name = myResumeCell.m; path = "Classes/我的/Views/myResumeCell.m"; sourceTree = "<group>"; };
		27C8602F1C51D18800B13E09 /* myResumeCell.xib */ = {isa = PBXFileReference; fileEncoding = 4; lastKnownFileType = file.xib; name = myResumeCell.xib; path = "Classes/我的/Views/myResumeCell.xib"; sourceTree = "<group>"; };
		27ED8B721C59069800F0AE7D /* cityVC.h */ = {isa = PBXFileReference; fileEncoding = 4; lastKnownFileType = sourcecode.c.h; name = cityVC.h; path = "Classes/我的/Controllers/cityVC.h"; sourceTree = "<group>"; };
		27ED8B731C59069800F0AE7D /* cityVC.m */ = {isa = PBXFileReference; fileEncoding = 4; lastKnownFileType = sourcecode.c.objc; name = cityVC.m; path = "Classes/我的/Controllers/cityVC.m"; sourceTree = "<group>"; };
		27ED8B741C59069800F0AE7D /* cityVC.xib */ = {isa = PBXFileReference; fileEncoding = 4; lastKnownFileType = file.xib; name = cityVC.xib; path = "Classes/我的/Controllers/cityVC.xib"; sourceTree = "<group>"; };
		27ED8B771C5906DD00F0AE7D /* cityBModel.h */ = {isa = PBXFileReference; fileEncoding = 4; lastKnownFileType = sourcecode.c.h; name = cityBModel.h; path = "Classes/我的/Model/cityBModel.h"; sourceTree = "<group>"; };
		27ED8B781C5906DD00F0AE7D /* cityBModel.m */ = {isa = PBXFileReference; fileEncoding = 4; lastKnownFileType = sourcecode.c.objc; name = cityBModel.m; path = "Classes/我的/Model/cityBModel.m"; sourceTree = "<group>"; };
		27F514111C57A7B200DE783A /* ExpectedIndustryCell.h */ = {isa = PBXFileReference; fileEncoding = 4; lastKnownFileType = sourcecode.c.h; name = ExpectedIndustryCell.h; path = "Classes/我的/Views/ExpectedIndustryCell.h"; sourceTree = "<group>"; };
		27F514121C57A7B200DE783A /* ExpectedIndustryCell.m */ = {isa = PBXFileReference; fileEncoding = 4; lastKnownFileType = sourcecode.c.objc; name = ExpectedIndustryCell.m; path = "Classes/我的/Views/ExpectedIndustryCell.m"; sourceTree = "<group>"; };
		27F514131C57A7B200DE783A /* ExpectedIndustryCell.xib */ = {isa = PBXFileReference; fileEncoding = 4; lastKnownFileType = file.xib; name = ExpectedIndustryCell.xib; path = "Classes/我的/Views/ExpectedIndustryCell.xib"; sourceTree = "<group>"; };
		27F78CA71C586B6900D843C5 /* locationVC.h */ = {isa = PBXFileReference; fileEncoding = 4; lastKnownFileType = sourcecode.c.h; name = locationVC.h; path = "Classes/我的/Views/locationVC.h"; sourceTree = "<group>"; };
		27F78CA81C586B6900D843C5 /* locationVC.m */ = {isa = PBXFileReference; fileEncoding = 4; lastKnownFileType = sourcecode.c.objc; name = locationVC.m; path = "Classes/我的/Views/locationVC.m"; sourceTree = "<group>"; };
		27F78CA91C586B6900D843C5 /* locationVC.xib */ = {isa = PBXFileReference; fileEncoding = 4; lastKnownFileType = file.xib; name = locationVC.xib; path = "Classes/我的/Views/locationVC.xib"; sourceTree = "<group>"; };
		27F78CAC1C58725700D843C5 /* libsqlite3.tbd */ = {isa = PBXFileReference; lastKnownFileType = "sourcecode.text-based-dylib-definition"; name = libsqlite3.tbd; path = usr/lib/libsqlite3.tbd; sourceTree = SDKROOT; };
		27F78CAF1C58728A00D843C5 /* ocenter_city.sql */ = {isa = PBXFileReference; fileEncoding = 4; lastKnownFileType = text; name = ocenter_city.sql; path = "Classes/数据库/ocenter_city.sql"; sourceTree = "<group>"; };
		27F78CB01C58728A00D843C5 /* ocenter_country.sql */ = {isa = PBXFileReference; fileEncoding = 4; lastKnownFileType = text; name = ocenter_country.sql; path = "Classes/数据库/ocenter_country.sql"; sourceTree = "<group>"; };
		27F78CB31C58906800D843C5 /* FMDBManager.h */ = {isa = PBXFileReference; fileEncoding = 4; lastKnownFileType = sourcecode.c.h; name = FMDBManager.h; path = "Classes/数据库/FMDBManager.h"; sourceTree = "<group>"; };
		27F78CB41C58907900D843C5 /* FMDBManager.m */ = {isa = PBXFileReference; fileEncoding = 4; lastKnownFileType = sourcecode.c.objc; name = FMDBManager.m; path = "Classes/数据库/FMDBManager.m"; sourceTree = "<group>"; };
		27F78CBA1C58C00400D843C5 /* cityModel.h */ = {isa = PBXFileReference; fileEncoding = 4; lastKnownFileType = sourcecode.c.h; name = cityModel.h; path = "Classes/我的/Model/cityModel.h"; sourceTree = "<group>"; };
		27F78CBB1C58C00400D843C5 /* cityModel.m */ = {isa = PBXFileReference; fileEncoding = 4; lastKnownFileType = sourcecode.c.objc; name = cityModel.m; path = "Classes/我的/Model/cityModel.m"; sourceTree = "<group>"; };
		27F78CBD1C58C1C500D843C5 /* cityCell.h */ = {isa = PBXFileReference; fileEncoding = 4; lastKnownFileType = sourcecode.c.h; name = cityCell.h; path = "Classes/我的/Views/cityCell.h"; sourceTree = "<group>"; };
		27F78CBE1C58C1C500D843C5 /* cityCell.m */ = {isa = PBXFileReference; fileEncoding = 4; lastKnownFileType = sourcecode.c.objc; name = cityCell.m; path = "Classes/我的/Views/cityCell.m"; sourceTree = "<group>"; };
		27F78CBF1C58C1C500D843C5 /* cityCell.xib */ = {isa = PBXFileReference; fileEncoding = 4; lastKnownFileType = file.xib; name = cityCell.xib; path = "Classes/我的/Views/cityCell.xib"; sourceTree = "<group>"; };
		27FBA0231C5748300087D8A6 /* headCellView.h */ = {isa = PBXFileReference; fileEncoding = 4; lastKnownFileType = sourcecode.c.h; name = headCellView.h; path = "Classes/我的/Views/headCellView.h"; sourceTree = "<group>"; };
		27FBA0241C5748300087D8A6 /* headCellView.m */ = {isa = PBXFileReference; fileEncoding = 4; lastKnownFileType = sourcecode.c.objc; name = headCellView.m; path = "Classes/我的/Views/headCellView.m"; sourceTree = "<group>"; };
		27FBA0261C5748490087D8A6 /* headCellView.xib */ = {isa = PBXFileReference; fileEncoding = 4; lastKnownFileType = file.xib; path = headCellView.xib; sourceTree = "<group>"; };
		27FBA0321C575AED0087D8A6 /* EducationExperienceVC.h */ = {isa = PBXFileReference; fileEncoding = 4; lastKnownFileType = sourcecode.c.h; name = EducationExperienceVC.h; path = "Classes/我的/Controllers/EducationExperienceVC.h"; sourceTree = "<group>"; };
		27FBA0331C575AED0087D8A6 /* EducationExperienceVC.m */ = {isa = PBXFileReference; fileEncoding = 4; lastKnownFileType = sourcecode.c.objc; name = EducationExperienceVC.m; path = "Classes/我的/Controllers/EducationExperienceVC.m"; sourceTree = "<group>"; };
		27FBA0341C575AED0087D8A6 /* EducationExperienceVC.xib */ = {isa = PBXFileReference; fileEncoding = 4; lastKnownFileType = file.xib; name = EducationExperienceVC.xib; path = "Classes/我的/Controllers/EducationExperienceVC.xib"; sourceTree = "<group>"; };
		27FDD9191C50854900FA8A5D /* AlreadyAcceptedCell.h */ = {isa = PBXFileReference; fileEncoding = 4; lastKnownFileType = sourcecode.c.h; name = AlreadyAcceptedCell.h; path = "Classes/我的/Views/AlreadyAcceptedCell.h"; sourceTree = "<group>"; };
		27FDD91A1C50854900FA8A5D /* AlreadyAcceptedCell.m */ = {isa = PBXFileReference; fileEncoding = 4; lastKnownFileType = sourcecode.c.objc; name = AlreadyAcceptedCell.m; path = "Classes/我的/Views/AlreadyAcceptedCell.m"; sourceTree = "<group>"; };
		27FDD91B1C50854900FA8A5D /* AlreadyAcceptedCell.xib */ = {isa = PBXFileReference; fileEncoding = 4; lastKnownFileType = file.xib; name = AlreadyAcceptedCell.xib; path = "Classes/我的/Views/AlreadyAcceptedCell.xib"; sourceTree = "<group>"; };
		27FF537E1C52014C0003D2F5 /* setUpResumeVC.h */ = {isa = PBXFileReference; fileEncoding = 4; lastKnownFileType = sourcecode.c.h; name = setUpResumeVC.h; path = "Classes/我的/Controllers/setUpResumeVC.h"; sourceTree = "<group>"; };
		27FF537F1C52014C0003D2F5 /* setUpResumeVC.m */ = {isa = PBXFileReference; fileEncoding = 4; lastKnownFileType = sourcecode.c.objc; name = setUpResumeVC.m; path = "Classes/我的/Controllers/setUpResumeVC.m"; sourceTree = "<group>"; };
		27FF53801C52014C0003D2F5 /* setUpResumeVC.xib */ = {isa = PBXFileReference; fileEncoding = 4; lastKnownFileType = file.xib; name = setUpResumeVC.xib; path = "Classes/我的/Controllers/setUpResumeVC.xib"; sourceTree = "<group>"; };
		27FF53831C52107B0003D2F5 /* setUpCell.h */ = {isa = PBXFileReference; fileEncoding = 4; lastKnownFileType = sourcecode.c.h; name = setUpCell.h; path = "Classes/我的/Controllers/setUpCell.h"; sourceTree = "<group>"; };
		27FF53841C52107B0003D2F5 /* setUpCell.m */ = {isa = PBXFileReference; fileEncoding = 4; lastKnownFileType = sourcecode.c.objc; name = setUpCell.m; path = "Classes/我的/Controllers/setUpCell.m"; sourceTree = "<group>"; };
		27FF53851C52107B0003D2F5 /* setUpCell.xib */ = {isa = PBXFileReference; fileEncoding = 4; lastKnownFileType = file.xib; name = setUpCell.xib; path = "Classes/我的/Controllers/setUpCell.xib"; sourceTree = "<group>"; };
		27FF53881C521C4B0003D2F5 /* userInfoVC.h */ = {isa = PBXFileReference; fileEncoding = 4; lastKnownFileType = sourcecode.c.h; name = userInfoVC.h; path = "Classes/我的/Controllers/userInfoVC.h"; sourceTree = "<group>"; };
		27FF53891C521C4B0003D2F5 /* userInfoVC.m */ = {isa = PBXFileReference; fileEncoding = 4; lastKnownFileType = sourcecode.c.objc; name = userInfoVC.m; path = "Classes/我的/Controllers/userInfoVC.m"; sourceTree = "<group>"; };
		27FF538A1C521C4B0003D2F5 /* userInfoVC.xib */ = {isa = PBXFileReference; fileEncoding = 4; lastKnownFileType = file.xib; name = userInfoVC.xib; path = "Classes/我的/Controllers/userInfoVC.xib"; sourceTree = "<group>"; };
		27FF538D1C5223A80003D2F5 /* sexCell.h */ = {isa = PBXFileReference; fileEncoding = 4; lastKnownFileType = sourcecode.c.h; name = sexCell.h; path = "Classes/我的/Views/sexCell.h"; sourceTree = "<group>"; };
		27FF538E1C5223A80003D2F5 /* sexCell.m */ = {isa = PBXFileReference; fileEncoding = 4; lastKnownFileType = sourcecode.c.objc; name = sexCell.m; path = "Classes/我的/Views/sexCell.m"; sourceTree = "<group>"; };
		27FF538F1C5223A80003D2F5 /* sexCell.xib */ = {isa = PBXFileReference; fileEncoding = 4; lastKnownFileType = file.xib; name = sexCell.xib; path = "Classes/我的/Views/sexCell.xib"; sourceTree = "<group>"; };
		27FF53921C5224D70003D2F5 /* DirectInputCell.h */ = {isa = PBXFileReference; fileEncoding = 4; lastKnownFileType = sourcecode.c.h; name = DirectInputCell.h; path = "Classes/我的/Views/DirectInputCell.h"; sourceTree = "<group>"; };
		27FF53931C5224D70003D2F5 /* DirectInputCell.m */ = {isa = PBXFileReference; fileEncoding = 4; lastKnownFileType = sourcecode.c.objc; name = DirectInputCell.m; path = "Classes/我的/Views/DirectInputCell.m"; sourceTree = "<group>"; };
		27FF53941C5224D70003D2F5 /* DirectInputCell.xib */ = {isa = PBXFileReference; fileEncoding = 4; lastKnownFileType = file.xib; name = DirectInputCell.xib; path = "Classes/我的/Views/DirectInputCell.xib"; sourceTree = "<group>"; };
		27FF53971C5225070003D2F5 /* InToVCCell.h */ = {isa = PBXFileReference; fileEncoding = 4; lastKnownFileType = sourcecode.c.h; name = InToVCCell.h; path = "Classes/我的/Views/InToVCCell.h"; sourceTree = "<group>"; };
		27FF53981C5225070003D2F5 /* InToVCCell.m */ = {isa = PBXFileReference; fileEncoding = 4; lastKnownFileType = sourcecode.c.objc; name = InToVCCell.m; path = "Classes/我的/Views/InToVCCell.m"; sourceTree = "<group>"; };
		27FF53991C5225070003D2F5 /* InToVCCell.xib */ = {isa = PBXFileReference; fileEncoding = 4; lastKnownFileType = file.xib; name = InToVCCell.xib; path = "Classes/我的/Views/InToVCCell.xib"; sourceTree = "<group>"; };
		83A21A025EA7A7F50E0E7F81 /* Pods.release.xcconfig */ = {isa = PBXFileReference; includeInIndex = 1; lastKnownFileType = text.xcconfig; name = Pods.release.xcconfig; path = "Pods/Target Support Files/Pods/Pods.release.xcconfig"; sourceTree = "<group>"; };
/* End PBXFileReference section */

/* Begin PBXFrameworksBuildPhase section */
		0CD1F18C1C43519E0081EA7A /* Frameworks */ = {
			isa = PBXFrameworksBuildPhase;
			buildActionMask = 2147483647;
			files = (
				27F78CAD1C58725700D843C5 /* libsqlite3.tbd in Frameworks */,
				B987021C2C4CF972796A9659 /* libPods.a in Frameworks */,
			);
			runOnlyForDeploymentPostprocessing = 0;
		};
		0CD1F1A51C43519F0081EA7A /* Frameworks */ = {
			isa = PBXFrameworksBuildPhase;
			buildActionMask = 2147483647;
			files = (
			);
			runOnlyForDeploymentPostprocessing = 0;
		};
		0CD1F1B01C43519F0081EA7A /* Frameworks */ = {
			isa = PBXFrameworksBuildPhase;
			buildActionMask = 2147483647;
			files = (
			);
			runOnlyForDeploymentPostprocessing = 0;
		};
/* End PBXFrameworksBuildPhase section */

/* Begin PBXGroup section */
		0C003FFF1C45E643000DEC34 /* Classes */ = {
			isa = PBXGroup;
			children = (
				27F78CB61C58916F00D843C5 /* help */,
				27F78CAE1C58727B00D843C5 /* 数据库 */,
				0C0040121C45E773000DEC34 /* 网络请求类 */,
				0C0040021C45E66C000DEC34 /* 行程帮助 */,
				0C0040001C45E652000DEC34 /* 资讯 */,
				0C0040011C45E65B000DEC34 /* 专题 */,
				0C0040031C45E673000DEC34 /* 我的 */,
			);
			name = Classes;
			sourceTree = "<group>";
		};
		0C0040001C45E652000DEC34 /* 资讯 */ = {
			isa = PBXGroup;
			children = (
				0C0040111C45E76C000DEC34 /* Model */,
				0C0040101C45E766000DEC34 /* Controllers */,
				0C00400F1C45E760000DEC34 /* Views */,
			);
			name = "资讯";
			sourceTree = "<group>";
		};
		0C0040011C45E65B000DEC34 /* 专题 */ = {
			isa = PBXGroup;
			children = (
				0C00400E1C45E757000DEC34 /* Controllers */,
				0C00400D1C45E74D000DEC34 /* Views */,
				0C00400C1C45E748000DEC34 /* Model */,
			);
			name = "专题";
			sourceTree = "<group>";
		};
		0C0040021C45E66C000DEC34 /* 行程帮助 */ = {
			isa = PBXGroup;
			children = (
				0C00400B1C45E73E000DEC34 /* Model */,
				0C00400A1C45E736000DEC34 /* Views */,
				0C0040091C45E72B000DEC34 /* Controllers */,
			);
			name = "行程帮助";
			sourceTree = "<group>";
		};
		0C0040031C45E673000DEC34 /* 我的 */ = {
			isa = PBXGroup;
			children = (
				0C0040081C45E70D000DEC34 /* Controllers */,
				0C0040071C45E6FA000DEC34 /* Model */,
				0C0040041C45E687000DEC34 /* Views */,
			);
			name = "我的";
			sourceTree = "<group>";
		};
		0C0040041C45E687000DEC34 /* Views */ = {
			isa = PBXGroup;
			children = (
				27FBA0301C5752B40087D8A6 /* 我的申请 */,
				27FBA02D1C57523D0087D8A6 /* 我的简历 */,
				278916881C4F730D006F2804 /* UserCell.m */,
				278916871C4F730D006F2804 /* UserCell.h */,
				278916891C4F730D006F2804 /* UserCell.xib */,
			);
			name = Views;
			sourceTree = "<group>";
		};
		0C0040071C45E6FA000DEC34 /* Model */ = {
			isa = PBXGroup;
			children = (
				27F78CBA1C58C00400D843C5 /* cityModel.h */,
				27F78CBB1C58C00400D843C5 /* cityModel.m */,
				27ED8B771C5906DD00F0AE7D /* cityBModel.h */,
				27ED8B781C5906DD00F0AE7D /* cityBModel.m */,
			);
			name = Model;
			sourceTree = "<group>";
		};
		0C0040081C45E70D000DEC34 /* Controllers */ = {
			isa = PBXGroup;
			children = (
				27FBA02C1C5752260087D8A6 /* 企业邀请 */,
				27FBA02B1C5752110087D8A6 /* 我的申请 */,
				27FBA0291C5751710087D8A6 /* 我的简历 */,
				0C00402C1C45EDCE000DEC34 /* personalVC.h */,
				0C00402D1C45EDCE000DEC34 /* personalVC.m */,
				0C00402E1C45EDCE000DEC34 /* personalVC.xib */,
			);
			name = Controllers;
			sourceTree = "<group>";
		};
		0C0040091C45E72B000DEC34 /* Controllers */ = {
			isa = PBXGroup;
			children = (
				0C0040271C45EDAB000DEC34 /* tripHelp.h */,
				0C0040281C45EDAB000DEC34 /* tripHelp.m */,
				0C0040291C45EDAB000DEC34 /* tripHelp.xib */,
			);
			name = Controllers;
			sourceTree = "<group>";
		};
		0C00400A1C45E736000DEC34 /* Views */ = {
			isa = PBXGroup;
			children = (
			);
			name = Views;
			sourceTree = "<group>";
		};
		0C00400B1C45E73E000DEC34 /* Model */ = {
			isa = PBXGroup;
			children = (
			);
			name = Model;
			sourceTree = "<group>";
		};
		0C00400C1C45E748000DEC34 /* Model */ = {
			isa = PBXGroup;
			children = (
			);
			name = Model;
			sourceTree = "<group>";
		};
		0C00400D1C45E74D000DEC34 /* Views */ = {
			isa = PBXGroup;
			children = (
			);
			name = Views;
			sourceTree = "<group>";
		};
		0C00400E1C45E757000DEC34 /* Controllers */ = {
			isa = PBXGroup;
			children = (
				0C0040181C45ED69000DEC34 /* specialSubjectVC.h */,
				0C0040191C45ED69000DEC34 /* specialSubjectVC.m */,
				0C00401A1C45ED69000DEC34 /* specialSubjectVC.xib */,
			);
			name = Controllers;
			sourceTree = "<group>";
		};
		0C00400F1C45E760000DEC34 /* Views */ = {
			isa = PBXGroup;
			children = (
				0C9163571C4750C100E3B53F /* WMLoopView.h */,
				0C9163581C4750C100E3B53F /* WMLoopView.m */,
				0CE4C9701C47A6D000AEF229 /* firstCell.h */,
				0CE4C9711C47A6D000AEF229 /* firstCell.m */,
				0CE4C9721C47A6D000AEF229 /* firstCell.xib */,
				0CAF73F31C4894EC00CF1A4B /* secondCell.h */,
				0CAF73F41C4894EC00CF1A4B /* secondCell.m */,
				0CAF73F51C4894EC00CF1A4B /* secondCell.xib */,
				0CAF73F81C489C0000CF1A4B /* contentCell.h */,
				0CAF73F91C489C0000CF1A4B /* contentCell.m */,
				0CAF73FA1C489C0000CF1A4B /* contentCell.xib */,
				27249AC51C48F2BC009892F9 /* Internshiptour-Bridging-Header.h */,
				27249ACA1C48F2E1009892F9 /* commentCell.h */,
				27249ACB1C48F2E1009892F9 /* commentCell.m */,
				27249ACC1C48F2E1009892F9 /* commentCell.xib */,
				275170981C4CE4DA00839F94 /* InfoCell.h */,
				275170991C4CE4DA00839F94 /* InfoCell.m */,
				2751709A1C4CE4DA00839F94 /* InfoCell.xib */,
			);
			name = Views;
			sourceTree = "<group>";
		};
		0C0040101C45E766000DEC34 /* Controllers */ = {
			isa = PBXGroup;
			children = (
				0C0040131C45EBD8000DEC34 /* infoVC.h */,
				0C0040141C45EBD8000DEC34 /* infoVC.m */,
				0C0040151C45EBD8000DEC34 /* infoVC.xib */,
				0C91635A1C4751C700E3B53F /* WMImageViewCell.h */,
				0C91635B1C4751C700E3B53F /* WMImageViewCell.m */,
				0C91635D1C4751D300E3B53F /* WMCollectionViewController.h */,
				0C91635E1C4751D300E3B53F /* WMCollectionViewController.m */,
				0C91635F1C4751D300E3B53F /* WMTableViewController.h */,
				0C9163601C4751D300E3B53F /* WMTableViewController.m */,
				0C9163611C4751D300E3B53F /* WMViewController.h */,
				0C9163621C4751D300E3B53F /* WMViewController.m */,
				0C9163661C478F4F00E3B53F /* detailVC.h */,
				0C9163671C478F4F00E3B53F /* detailVC.m */,
				0C9163681C478F4F00E3B53F /* detailVC.xib */,
			);
			name = Controllers;
			sourceTree = "<group>";
		};
		0C0040111C45E76C000DEC34 /* Model */ = {
			isa = PBXGroup;
			children = (
			);
			name = Model;
			sourceTree = "<group>";
		};
		0C0040121C45E773000DEC34 /* 网络请求类 */ = {
			isa = PBXGroup;
			children = (
			);
			name = "网络请求类";
			sourceTree = "<group>";
		};
		0CD1F1861C43519E0081EA7A = {
			isa = PBXGroup;
			children = (
				0CD1F1911C43519E0081EA7A /* Internshiptour */,
				0CD1F1AB1C43519F0081EA7A /* InternshiptourTests */,
				0CD1F1B61C43519F0081EA7A /* InternshiptourUITests */,
				0CD1F1901C43519E0081EA7A /* Products */,
				FF483EE870C3CF93AA3F2773 /* Pods */,
				B184F0B6B3CD2C4948B1B2BC /* Frameworks */,
			);
			sourceTree = "<group>";
		};
		0CD1F1901C43519E0081EA7A /* Products */ = {
			isa = PBXGroup;
			children = (
				0CD1F18F1C43519E0081EA7A /* Internshiptour.app */,
				0CD1F1A81C43519F0081EA7A /* InternshiptourTests.xctest */,
				0CD1F1B31C43519F0081EA7A /* InternshiptourUITests.xctest */,
			);
			name = Products;
			sourceTree = "<group>";
		};
		0CD1F1911C43519E0081EA7A /* Internshiptour */ = {
			isa = PBXGroup;
			children = (
				0CD1F1951C43519E0081EA7A /* AppDelegate.h */,
				0CD1F1961C43519F0081EA7A /* AppDelegate.m */,
				0CD1F1981C43519F0081EA7A /* ViewController.h */,
				0CD1F1991C43519F0081EA7A /* ViewController.m */,
				0C003FFC1C45E347000DEC34 /* tabBar.h */,
				0C003FFD1C45E347000DEC34 /* tabBar.m */,
				0C003FFF1C45E643000DEC34 /* Classes */,
				0CD1F19B1C43519F0081EA7A /* Main.storyboard */,
				27C3FB6E1C4DF23B00B62959 /* Header.h */,
				27C3FB6F1C4DF2CA00B62959 /* Internshiptour-Prefix.pch */,
				0CD1F19E1C43519F0081EA7A /* Assets.xcassets */,
				0CD1F1A01C43519F0081EA7A /* LaunchScreen.storyboard */,
				0CD1F1A31C43519F0081EA7A /* Info.plist */,
				0CD1F1921C43519E0081EA7A /* Supporting Files */,
			);
			path = Internshiptour;
			sourceTree = "<group>";
		};
		0CD1F1921C43519E0081EA7A /* Supporting Files */ = {
			isa = PBXGroup;
			children = (
				0CD1F1931C43519E0081EA7A /* main.m */,
			);
			name = "Supporting Files";
			sourceTree = "<group>";
		};
		0CD1F1AB1C43519F0081EA7A /* InternshiptourTests */ = {
			isa = PBXGroup;
			children = (
				0CD1F1AC1C43519F0081EA7A /* InternshiptourTests.m */,
				0CD1F1AE1C43519F0081EA7A /* Info.plist */,
			);
			path = InternshiptourTests;
			sourceTree = "<group>";
		};
		0CD1F1B61C43519F0081EA7A /* InternshiptourUITests */ = {
			isa = PBXGroup;
			children = (
				0CD1F1B71C43519F0081EA7A /* InternshiptourUITests.m */,
				0CD1F1B91C43519F0081EA7A /* Info.plist */,
			);
			path = InternshiptourUITests;
			sourceTree = "<group>";
		};
		274D64421C5760EF00F06C03 /* 教育经历 */ = {
			isa = PBXGroup;
			children = (
				274D64431C57611D00F06C03 /* EducationExperienceCell.h */,
				274D64441C57611D00F06C03 /* EducationExperienceCell.m */,
				274D64451C57611D00F06C03 /* EducationExperienceCell.xib */,
			);
			name = "教育经历";
			sourceTree = "<group>";
		};
		27BE77F81C59B2DD005A9607 /* 专业 */ = {
			isa = PBXGroup;
			children = (
				27BE77F91C59B734005A9607 /* majorVC.h */,
				27BE77FA1C59B734005A9607 /* majorVC.m */,
				27BE77FB1C59B734005A9607 /* majorVC.xib */,
				27BE77FE1C59C931005A9607 /* majorDetailVC.h */,
				27BE77FF1C59C931005A9607 /* majorDetailVC.m */,
				27BE78001C59C931005A9607 /* majorDetailVC.xib */,
			);
			name = "专业";
			sourceTree = "<group>";
		};
		27BE78031C5A045F005A9607 /* 专业描述 */ = {
			isa = PBXGroup;
			children = (
				27BE78041C5A0492005A9607 /* majorDescribeVC.h */,
				27BE78051C5A0492005A9607 /* majorDescribeVC.m */,
				27BE78061C5A0492005A9607 /* majorDescribeVC.xib */,
			);
			name = "专业描述";
			sourceTree = "<group>";
		};
		27BE78091C5A150B005A9607 /* 实习经历 */ = {
			isa = PBXGroup;
			children = (
				27BE780A1C5A15AF005A9607 /* InternshipExperienceVC.h */,
				27BE780B1C5A15AF005A9607 /* InternshipExperienceVC.m */,
				27BE780C1C5A15AF005A9607 /* InternshipExperienceVC.xib */,
			);
			name = "实习经历";
			sourceTree = "<group>";
		};
		27F78CAE1C58727B00D843C5 /* 数据库 */ = {
			isa = PBXGroup;
			children = (
				27F78CB31C58906800D843C5 /* FMDBManager.h */,
				27F78CB41C58907900D843C5 /* FMDBManager.m */,
				27F78CB01C58728A00D843C5 /* ocenter_country.sql */,
				27F78CAF1C58728A00D843C5 /* ocenter_city.sql */,
			);
			name = "数据库";
			sourceTree = "<group>";
		};
		27F78CB61C58916F00D843C5 /* help */ = {
			isa = PBXGroup;
			children = (
			);
			name = help;
			sourceTree = "<group>";
		};
		27FBA0281C5751430087D8A6 /* 个人信息 */ = {
			isa = PBXGroup;
			children = (
				27FF53881C521C4B0003D2F5 /* userInfoVC.h */,
				27FF53891C521C4B0003D2F5 /* userInfoVC.m */,
				27FF538A1C521C4B0003D2F5 /* userInfoVC.xib */,
				27AD7BB41C56245B003ADCA9 /* ExpectedIndustryVC.h */,
				27AD7BB51C56245B003ADCA9 /* ExpectedIndustryVC.m */,
				27AD7BB61C56245B003ADCA9 /* ExpectedIndustryVC.xib */,
				27F78CA71C586B6900D843C5 /* locationVC.h */,
				27F78CA81C586B6900D843C5 /* locationVC.m */,
				27F78CA91C586B6900D843C5 /* locationVC.xib */,
				27ED8B721C59069800F0AE7D /* cityVC.h */,
				27ED8B731C59069800F0AE7D /* cityVC.m */,
				27ED8B741C59069800F0AE7D /* cityVC.xib */,
			);
			name = "个人信息";
			sourceTree = "<group>";
		};
		27FBA0291C5751710087D8A6 /* 我的简历 */ = {
			isa = PBXGroup;
			children = (
				27C860281C51C8E400B13E09 /* myResumeVC.h */,
				27C860291C51C8E400B13E09 /* myResumeVC.m */,
				27C8602A1C51C8E400B13E09 /* myResumeVC.xib */,
				27FF537E1C52014C0003D2F5 /* setUpResumeVC.h */,
				27FF537F1C52014C0003D2F5 /* setUpResumeVC.m */,
				27FF53801C52014C0003D2F5 /* setUpResumeVC.xib */,
				27FBA02A1C57517F0087D8A6 /* 创建简历 */,
			);
			name = "我的简历";
			sourceTree = "<group>";
		};
		27FBA02A1C57517F0087D8A6 /* 创建简历 */ = {
			isa = PBXGroup;
			children = (
				27BE78091C5A150B005A9607 /* 实习经历 */,
				27FBA0281C5751430087D8A6 /* 个人信息 */,
				27FBA0311C575A840087D8A6 /* 教育经历 */,
			);
			name = "创建简历";
			sourceTree = "<group>";
		};
		27FBA02B1C5752110087D8A6 /* 我的申请 */ = {
			isa = PBXGroup;
			children = (
				2730EF8E1C50E12800FEF99B /* myInviteVC.h */,
				2730EF8F1C50E12800FEF99B /* myInviteVC.m */,
				2730EF901C50E12800FEF99B /* myInviteVC.xib */,
			);
			name = "我的申请";
			sourceTree = "<group>";
		};
		27FBA02C1C5752260087D8A6 /* 企业邀请 */ = {
			isa = PBXGroup;
			children = (
				2789168C1C4F8FCD006F2804 /* companyInviteVC.h */,
				2789168D1C4F8FCD006F2804 /* companyInviteVC.m */,
				2789168E1C4F8FCD006F2804 /* companyInviteVC.xib */,
			);
			name = "企业邀请";
			sourceTree = "<group>";
		};
		27FBA02D1C57523D0087D8A6 /* 我的简历 */ = {
			isa = PBXGroup;
			children = (
				27FBA02E1C5752510087D8A6 /* 创建简历 */,
			);
			name = "我的简历";
			sourceTree = "<group>";
		};
		27FBA02E1C5752510087D8A6 /* 创建简历 */ = {
			isa = PBXGroup;
			children = (
				274D64421C5760EF00F06C03 /* 教育经历 */,
				27FF53831C52107B0003D2F5 /* setUpCell.h */,
				27FF53841C52107B0003D2F5 /* setUpCell.m */,
				27FF53851C52107B0003D2F5 /* setUpCell.xib */,
				27FBA02F1C57525E0087D8A6 /* 个人信息 */,
			);
			name = "创建简历";
			sourceTree = "<group>";
		};
		27FBA02F1C57525E0087D8A6 /* 个人信息 */ = {
			isa = PBXGroup;
			children = (
				27FF538D1C5223A80003D2F5 /* sexCell.h */,
				27FF538E1C5223A80003D2F5 /* sexCell.m */,
				27FF538F1C5223A80003D2F5 /* sexCell.xib */,
				27FF53921C5224D70003D2F5 /* DirectInputCell.h */,
				27FF53931C5224D70003D2F5 /* DirectInputCell.m */,
				27FF53941C5224D70003D2F5 /* DirectInputCell.xib */,
				27FF53971C5225070003D2F5 /* InToVCCell.h */,
				27FF53981C5225070003D2F5 /* InToVCCell.m */,
				27FF53991C5225070003D2F5 /* InToVCCell.xib */,
				27F514111C57A7B200DE783A /* ExpectedIndustryCell.h */,
				27F514121C57A7B200DE783A /* ExpectedIndustryCell.m */,
				27F514131C57A7B200DE783A /* ExpectedIndustryCell.xib */,
				27FBA0231C5748300087D8A6 /* headCellView.h */,
				27FBA0241C5748300087D8A6 /* headCellView.m */,
				27FBA0261C5748490087D8A6 /* headCellView.xib */,
				27F78CBD1C58C1C500D843C5 /* cityCell.h */,
				27F78CBE1C58C1C500D843C5 /* cityCell.m */,
				27F78CBF1C58C1C500D843C5 /* cityCell.xib */,
			);
			name = "个人信息";
			sourceTree = "<group>";
		};
		27FBA0301C5752B40087D8A6 /* 我的申请 */ = {
			isa = PBXGroup;
			children = (
				27C8602D1C51D18800B13E09 /* myResumeCell.h */,
				27C8602E1C51D18800B13E09 /* myResumeCell.m */,
				27C8602F1C51D18800B13E09 /* myResumeCell.xib */,
				2730EF7C1C50C38400FEF99B /* receivingCell.h */,
				2730EF7D1C50C38400FEF99B /* receivingCell.m */,
				2730EF7E1C50C38400FEF99B /* receivingCell.xib */,
				27FDD9191C50854900FA8A5D /* AlreadyAcceptedCell.h */,
				27FDD91A1C50854900FA8A5D /* AlreadyAcceptedCell.m */,
				27FDD91B1C50854900FA8A5D /* AlreadyAcceptedCell.xib */,
			);
			name = "我的申请";
			sourceTree = "<group>";
		};
		27FBA0311C575A840087D8A6 /* 教育经历 */ = {
			isa = PBXGroup;
			children = (
				27BE78031C5A045F005A9607 /* 专业描述 */,
				27BE77F81C59B2DD005A9607 /* 专业 */,
				27FBA0321C575AED0087D8A6 /* EducationExperienceVC.h */,
				27FBA0331C575AED0087D8A6 /* EducationExperienceVC.m */,
				27FBA0341C575AED0087D8A6 /* EducationExperienceVC.xib */,
			);
			name = "教育经历";
			sourceTree = "<group>";
		};
		B184F0B6B3CD2C4948B1B2BC /* Frameworks */ = {
			isa = PBXGroup;
			children = (
				27F78CAC1C58725700D843C5 /* libsqlite3.tbd */,
				088F6099FC78EAA8D7F07B80 /* libPods.a */,
			);
			name = Frameworks;
			sourceTree = "<group>";
		};
		FF483EE870C3CF93AA3F2773 /* Pods */ = {
			isa = PBXGroup;
			children = (
				08E7E85B655C1FFB575A0EC9 /* Pods.debug.xcconfig */,
				83A21A025EA7A7F50E0E7F81 /* Pods.release.xcconfig */,
			);
			name = Pods;
			sourceTree = "<group>";
		};
/* End PBXGroup section */

/* Begin PBXNativeTarget section */
		0CD1F18E1C43519E0081EA7A /* Internshiptour */ = {
			isa = PBXNativeTarget;
			buildConfigurationList = 0CD1F1BC1C43519F0081EA7A /* Build configuration list for PBXNativeTarget "Internshiptour" */;
			buildPhases = (
				78AA6CCA4596FA7A165AB90D /* Check Pods Manifest.lock */,
				0CD1F18B1C43519E0081EA7A /* Sources */,
				0CD1F18C1C43519E0081EA7A /* Frameworks */,
				0CD1F18D1C43519E0081EA7A /* Resources */,
				BF43653FC3DA158B5983EDF9 /* Copy Pods Resources */,
			);
			buildRules = (
			);
			dependencies = (
			);
			name = Internshiptour;
			productName = Internshiptour;
			productReference = 0CD1F18F1C43519E0081EA7A /* Internshiptour.app */;
			productType = "com.apple.product-type.application";
		};
		0CD1F1A71C43519F0081EA7A /* InternshiptourTests */ = {
			isa = PBXNativeTarget;
			buildConfigurationList = 0CD1F1BF1C43519F0081EA7A /* Build configuration list for PBXNativeTarget "InternshiptourTests" */;
			buildPhases = (
				0CD1F1A41C43519F0081EA7A /* Sources */,
				0CD1F1A51C43519F0081EA7A /* Frameworks */,
				0CD1F1A61C43519F0081EA7A /* Resources */,
			);
			buildRules = (
			);
			dependencies = (
				0CD1F1AA1C43519F0081EA7A /* PBXTargetDependency */,
			);
			name = InternshiptourTests;
			productName = InternshiptourTests;
			productReference = 0CD1F1A81C43519F0081EA7A /* InternshiptourTests.xctest */;
			productType = "com.apple.product-type.bundle.unit-test";
		};
		0CD1F1B21C43519F0081EA7A /* InternshiptourUITests */ = {
			isa = PBXNativeTarget;
			buildConfigurationList = 0CD1F1C21C43519F0081EA7A /* Build configuration list for PBXNativeTarget "InternshiptourUITests" */;
			buildPhases = (
				0CD1F1AF1C43519F0081EA7A /* Sources */,
				0CD1F1B01C43519F0081EA7A /* Frameworks */,
				0CD1F1B11C43519F0081EA7A /* Resources */,
			);
			buildRules = (
			);
			dependencies = (
				0CD1F1B51C43519F0081EA7A /* PBXTargetDependency */,
			);
			name = InternshiptourUITests;
			productName = InternshiptourUITests;
			productReference = 0CD1F1B31C43519F0081EA7A /* InternshiptourUITests.xctest */;
			productType = "com.apple.product-type.bundle.ui-testing";
		};
/* End PBXNativeTarget section */

/* Begin PBXProject section */
		0CD1F1871C43519E0081EA7A /* Project object */ = {
			isa = PBXProject;
			attributes = {
				LastUpgradeCheck = 0720;
				ORGANIZATIONNAME = "dexiang lu";
				TargetAttributes = {
					0CD1F18E1C43519E0081EA7A = {
						CreatedOnToolsVersion = 7.2;
					};
					0CD1F1A71C43519F0081EA7A = {
						CreatedOnToolsVersion = 7.2;
						TestTargetID = 0CD1F18E1C43519E0081EA7A;
					};
					0CD1F1B21C43519F0081EA7A = {
						CreatedOnToolsVersion = 7.2;
						TestTargetID = 0CD1F18E1C43519E0081EA7A;
					};
				};
			};
			buildConfigurationList = 0CD1F18A1C43519E0081EA7A /* Build configuration list for PBXProject "Internshiptour" */;
			compatibilityVersion = "Xcode 3.2";
			developmentRegion = English;
			hasScannedForEncodings = 0;
			knownRegions = (
				en,
				Base,
			);
			mainGroup = 0CD1F1861C43519E0081EA7A;
			productRefGroup = 0CD1F1901C43519E0081EA7A /* Products */;
			projectDirPath = "";
			projectRoot = "";
			targets = (
				0CD1F18E1C43519E0081EA7A /* Internshiptour */,
				0CD1F1A71C43519F0081EA7A /* InternshiptourTests */,
				0CD1F1B21C43519F0081EA7A /* InternshiptourUITests */,
			);
		};
/* End PBXProject section */

/* Begin PBXResourcesBuildPhase section */
		0CD1F18D1C43519E0081EA7A /* Resources */ = {
			isa = PBXResourcesBuildPhase;
			buildActionMask = 2147483647;
			files = (
				0CE4C9741C47A6D000AEF229 /* firstCell.xib in Resources */,
				2751709C1C4CE4DA00839F94 /* InfoCell.xib in Resources */,
				27F78CC11C58C1C500D843C5 /* cityCell.xib in Resources */,
				27F514151C57A7B200DE783A /* ExpectedIndustryCell.xib in Resources */,
				27FDD91D1C50854900FA8A5D /* AlreadyAcceptedCell.xib in Resources */,
				278916901C4F8FCD006F2804 /* companyInviteVC.xib in Resources */,
				0C0040301C45EDCE000DEC34 /* personalVC.xib in Resources */,
				0CAF73FC1C489C0000CF1A4B /* contentCell.xib in Resources */,
				27FF539B1C5225070003D2F5 /* InToVCCell.xib in Resources */,
				27FBA0271C5748490087D8A6 /* headCellView.xib in Resources */,
				2730EF801C50C38400FEF99B /* receivingCell.xib in Resources */,
				0C91636A1C478F4F00E3B53F /* detailVC.xib in Resources */,
				0C0040171C45EBD8000DEC34 /* infoVC.xib in Resources */,
				27ED8B761C59069800F0AE7D /* cityVC.xib in Resources */,
				0CD1F1A21C43519F0081EA7A /* LaunchScreen.storyboard in Resources */,
				27C8602C1C51C8E400B13E09 /* myResumeVC.xib in Resources */,
				27FF53871C52107B0003D2F5 /* setUpCell.xib in Resources */,
				27FF53911C5223A80003D2F5 /* sexCell.xib in Resources */,
				0CAF73F71C4894EC00CF1A4B /* secondCell.xib in Resources */,
				27F78CAB1C586B6900D843C5 /* locationVC.xib in Resources */,
				27FF538C1C521C4B0003D2F5 /* userInfoVC.xib in Resources */,
				27F78CB11C58728A00D843C5 /* ocenter_city.sql in Resources */,
				27C860311C51D18800B13E09 /* myResumeCell.xib in Resources */,
				0C00401C1C45ED69000DEC34 /* specialSubjectVC.xib in Resources */,
				27BE780E1C5A15AF005A9607 /* InternshipExperienceVC.xib in Resources */,
				27BE77FD1C59B734005A9607 /* majorVC.xib in Resources */,
				27FF53821C52014C0003D2F5 /* setUpResumeVC.xib in Resources */,
				0C00402B1C45EDAB000DEC34 /* tripHelp.xib in Resources */,
				2730EF921C50E12800FEF99B /* myInviteVC.xib in Resources */,
				27249ACE1C48F2E1009892F9 /* commentCell.xib in Resources */,
				27BE78021C59C931005A9607 /* majorDetailVC.xib in Resources */,
				27F78CB21C58728A00D843C5 /* ocenter_country.sql in Resources */,
				0CD1F19F1C43519F0081EA7A /* Assets.xcassets in Resources */,
				27FBA0361C575AED0087D8A6 /* EducationExperienceVC.xib in Resources */,
				27AD7BB81C56245B003ADCA9 /* ExpectedIndustryVC.xib in Resources */,
				0CD1F19D1C43519F0081EA7A /* Main.storyboard in Resources */,
				2789168B1C4F730D006F2804 /* UserCell.xib in Resources */,
				27FF53961C5224D70003D2F5 /* DirectInputCell.xib in Resources */,
				27BE78081C5A0492005A9607 /* majorDescribeVC.xib in Resources */,
				274D64471C57611D00F06C03 /* EducationExperienceCell.xib in Resources */,
			);
			runOnlyForDeploymentPostprocessing = 0;
		};
		0CD1F1A61C43519F0081EA7A /* Resources */ = {
			isa = PBXResourcesBuildPhase;
			buildActionMask = 2147483647;
			files = (
			);
			runOnlyForDeploymentPostprocessing = 0;
		};
		0CD1F1B11C43519F0081EA7A /* Resources */ = {
			isa = PBXResourcesBuildPhase;
			buildActionMask = 2147483647;
			files = (
			);
			runOnlyForDeploymentPostprocessing = 0;
		};
/* End PBXResourcesBuildPhase section */

/* Begin PBXShellScriptBuildPhase section */
		78AA6CCA4596FA7A165AB90D /* Check Pods Manifest.lock */ = {
			isa = PBXShellScriptBuildPhase;
			buildActionMask = 2147483647;
			files = (
			);
			inputPaths = (
			);
			name = "Check Pods Manifest.lock";
			outputPaths = (
			);
			runOnlyForDeploymentPostprocessing = 0;
			shellPath = /bin/sh;
			shellScript = "diff \"${PODS_ROOT}/../Podfile.lock\" \"${PODS_ROOT}/Manifest.lock\" > /dev/null\nif [[ $? != 0 ]] ; then\n    cat << EOM\nerror: The sandbox is not in sync with the Podfile.lock. Run 'pod install' or update your CocoaPods installation.\nEOM\n    exit 1\nfi\n";
			showEnvVarsInLog = 0;
		};
		BF43653FC3DA158B5983EDF9 /* Copy Pods Resources */ = {
			isa = PBXShellScriptBuildPhase;
			buildActionMask = 2147483647;
			files = (
			);
			inputPaths = (
			);
			name = "Copy Pods Resources";
			outputPaths = (
			);
			runOnlyForDeploymentPostprocessing = 0;
			shellPath = /bin/sh;
			shellScript = "\"${SRCROOT}/Pods/Target Support Files/Pods/Pods-resources.sh\"\n";
			showEnvVarsInLog = 0;
		};
/* End PBXShellScriptBuildPhase section */

/* Begin PBXSourcesBuildPhase section */
		0CD1F18B1C43519E0081EA7A /* Sources */ = {
			isa = PBXSourcesBuildPhase;
			buildActionMask = 2147483647;
			files = (
				0CD1F19A1C43519F0081EA7A /* ViewController.m in Sources */,
				0CAF73FB1C489C0000CF1A4B /* contentCell.m in Sources */,
				27BE780D1C5A15AF005A9607 /* InternshipExperienceVC.m in Sources */,
				0CD1F1971C43519F0081EA7A /* AppDelegate.m in Sources */,
				27FBA0351C575AED0087D8A6 /* EducationExperienceVC.m in Sources */,
				0C9163691C478F4F00E3B53F /* detailVC.m in Sources */,
				27C8602B1C51C8E400B13E09 /* myResumeVC.m in Sources */,
				0CAF73F61C4894EC00CF1A4B /* secondCell.m in Sources */,
				2730EF911C50E12800FEF99B /* myInviteVC.m in Sources */,
				27249ACD1C48F2E1009892F9 /* commentCell.m in Sources */,
				0C91635C1C4751C700E3B53F /* WMImageViewCell.m in Sources */,
				0C00402A1C45EDAB000DEC34 /* tripHelp.m in Sources */,
				2789168A1C4F730D006F2804 /* UserCell.m in Sources */,
				0C0040161C45EBD8000DEC34 /* infoVC.m in Sources */,
				27BE78011C59C931005A9607 /* majorDetailVC.m in Sources */,
				0C9163631C4751D300E3B53F /* WMCollectionViewController.m in Sources */,
				27BE77FC1C59B734005A9607 /* majorVC.m in Sources */,
				27F78CB51C58907900D843C5 /* FMDBManager.m in Sources */,
				2751709B1C4CE4DA00839F94 /* InfoCell.m in Sources */,
				0C00402F1C45EDCE000DEC34 /* personalVC.m in Sources */,
				27ED8B751C59069800F0AE7D /* cityVC.m in Sources */,
				2789168F1C4F8FCD006F2804 /* companyInviteVC.m in Sources */,
				27BE78071C5A0492005A9607 /* majorDescribeVC.m in Sources */,
				27FF53901C5223A80003D2F5 /* sexCell.m in Sources */,
				0C9163591C4750C100E3B53F /* WMLoopView.m in Sources */,
				27F78CAA1C586B6900D843C5 /* locationVC.m in Sources */,
				27FF53811C52014C0003D2F5 /* setUpResumeVC.m in Sources */,
				27FDD91C1C50854900FA8A5D /* AlreadyAcceptedCell.m in Sources */,
				0C00401B1C45ED69000DEC34 /* specialSubjectVC.m in Sources */,
				27F78CBC1C58C00400D843C5 /* cityModel.m in Sources */,
				274D64461C57611D00F06C03 /* EducationExperienceCell.m in Sources */,
				0CD1F1941C43519E0081EA7A /* main.m in Sources */,
				0CE4C9731C47A6D000AEF229 /* firstCell.m in Sources */,
				0C003FFE1C45E347000DEC34 /* tabBar.m in Sources */,
				27FF53861C52107B0003D2F5 /* setUpCell.m in Sources */,
				27FF538B1C521C4B0003D2F5 /* userInfoVC.m in Sources */,
				27FBA0251C5748300087D8A6 /* headCellView.m in Sources */,
				27FF539A1C5225070003D2F5 /* InToVCCell.m in Sources */,
				27AD7BB71C56245B003ADCA9 /* ExpectedIndustryVC.m in Sources */,
				27F78CC01C58C1C500D843C5 /* cityCell.m in Sources */,
				27C860301C51D18800B13E09 /* myResumeCell.m in Sources */,
				0C9163651C4751D300E3B53F /* WMViewController.m in Sources */,
				27F514141C57A7B200DE783A /* ExpectedIndustryCell.m in Sources */,
				27ED8B791C5906DD00F0AE7D /* cityBModel.m in Sources */,
				27FF53951C5224D70003D2F5 /* DirectInputCell.m in Sources */,
				2730EF7F1C50C38400FEF99B /* receivingCell.m in Sources */,
				0C9163641C4751D300E3B53F /* WMTableViewController.m in Sources */,
			);
			runOnlyForDeploymentPostprocessing = 0;
		};
		0CD1F1A41C43519F0081EA7A /* Sources */ = {
			isa = PBXSourcesBuildPhase;
			buildActionMask = 2147483647;
			files = (
				0CD1F1AD1C43519F0081EA7A /* InternshiptourTests.m in Sources */,
			);
			runOnlyForDeploymentPostprocessing = 0;
		};
		0CD1F1AF1C43519F0081EA7A /* Sources */ = {
			isa = PBXSourcesBuildPhase;
			buildActionMask = 2147483647;
			files = (
				0CD1F1B81C43519F0081EA7A /* InternshiptourUITests.m in Sources */,
			);
			runOnlyForDeploymentPostprocessing = 0;
		};
/* End PBXSourcesBuildPhase section */

/* Begin PBXTargetDependency section */
		0CD1F1AA1C43519F0081EA7A /* PBXTargetDependency */ = {
			isa = PBXTargetDependency;
			target = 0CD1F18E1C43519E0081EA7A /* Internshiptour */;
			targetProxy = 0CD1F1A91C43519F0081EA7A /* PBXContainerItemProxy */;
		};
		0CD1F1B51C43519F0081EA7A /* PBXTargetDependency */ = {
			isa = PBXTargetDependency;
			target = 0CD1F18E1C43519E0081EA7A /* Internshiptour */;
			targetProxy = 0CD1F1B41C43519F0081EA7A /* PBXContainerItemProxy */;
		};
/* End PBXTargetDependency section */

/* Begin PBXVariantGroup section */
		0CD1F19B1C43519F0081EA7A /* Main.storyboard */ = {
			isa = PBXVariantGroup;
			children = (
				0CD1F19C1C43519F0081EA7A /* Base */,
			);
			name = Main.storyboard;
			sourceTree = "<group>";
		};
		0CD1F1A01C43519F0081EA7A /* LaunchScreen.storyboard */ = {
			isa = PBXVariantGroup;
			children = (
				0CD1F1A11C43519F0081EA7A /* Base */,
			);
			name = LaunchScreen.storyboard;
			sourceTree = "<group>";
		};
/* End PBXVariantGroup section */

/* Begin XCBuildConfiguration section */
		0CD1F1BA1C43519F0081EA7A /* Debug */ = {
			isa = XCBuildConfiguration;
			buildSettings = {
				ALWAYS_SEARCH_USER_PATHS = NO;
				CLANG_CXX_LANGUAGE_STANDARD = "gnu++0x";
				CLANG_CXX_LIBRARY = "libc++";
				CLANG_ENABLE_MODULES = YES;
				CLANG_ENABLE_OBJC_ARC = YES;
				CLANG_WARN_BOOL_CONVERSION = YES;
				CLANG_WARN_CONSTANT_CONVERSION = YES;
				CLANG_WARN_DIRECT_OBJC_ISA_USAGE = YES_ERROR;
				CLANG_WARN_EMPTY_BODY = YES;
				CLANG_WARN_ENUM_CONVERSION = YES;
				CLANG_WARN_INT_CONVERSION = YES;
				CLANG_WARN_OBJC_ROOT_CLASS = YES_ERROR;
				CLANG_WARN_UNREACHABLE_CODE = YES;
				CLANG_WARN__DUPLICATE_METHOD_MATCH = YES;
				"CODE_SIGN_IDENTITY[sdk=iphoneos*]" = "iPhone Developer";
				COPY_PHASE_STRIP = NO;
				DEBUG_INFORMATION_FORMAT = dwarf;
				ENABLE_STRICT_OBJC_MSGSEND = YES;
				ENABLE_TESTABILITY = YES;
				GCC_C_LANGUAGE_STANDARD = gnu99;
				GCC_DYNAMIC_NO_PIC = NO;
				GCC_NO_COMMON_BLOCKS = YES;
				GCC_OPTIMIZATION_LEVEL = 0;
				GCC_PREPROCESSOR_DEFINITIONS = (
					"DEBUG=1",
					"$(inherited)",
				);
				GCC_WARN_64_TO_32_BIT_CONVERSION = YES;
				GCC_WARN_ABOUT_RETURN_TYPE = YES_ERROR;
				GCC_WARN_UNDECLARED_SELECTOR = YES;
				GCC_WARN_UNINITIALIZED_AUTOS = YES_AGGRESSIVE;
				GCC_WARN_UNUSED_FUNCTION = YES;
				GCC_WARN_UNUSED_VARIABLE = YES;
				IPHONEOS_DEPLOYMENT_TARGET = 9.2;
				MTL_ENABLE_DEBUG_INFO = YES;
				ONLY_ACTIVE_ARCH = YES;
				SDKROOT = iphoneos;
				TARGETED_DEVICE_FAMILY = "1,2";
			};
			name = Debug;
		};
		0CD1F1BB1C43519F0081EA7A /* Release */ = {
			isa = XCBuildConfiguration;
			buildSettings = {
				ALWAYS_SEARCH_USER_PATHS = NO;
				CLANG_CXX_LANGUAGE_STANDARD = "gnu++0x";
				CLANG_CXX_LIBRARY = "libc++";
				CLANG_ENABLE_MODULES = YES;
				CLANG_ENABLE_OBJC_ARC = YES;
				CLANG_WARN_BOOL_CONVERSION = YES;
				CLANG_WARN_CONSTANT_CONVERSION = YES;
				CLANG_WARN_DIRECT_OBJC_ISA_USAGE = YES_ERROR;
				CLANG_WARN_EMPTY_BODY = YES;
				CLANG_WARN_ENUM_CONVERSION = YES;
				CLANG_WARN_INT_CONVERSION = YES;
				CLANG_WARN_OBJC_ROOT_CLASS = YES_ERROR;
				CLANG_WARN_UNREACHABLE_CODE = YES;
				CLANG_WARN__DUPLICATE_METHOD_MATCH = YES;
				"CODE_SIGN_IDENTITY[sdk=iphoneos*]" = "iPhone Developer";
				COPY_PHASE_STRIP = NO;
				DEBUG_INFORMATION_FORMAT = "dwarf-with-dsym";
				ENABLE_NS_ASSERTIONS = NO;
				ENABLE_STRICT_OBJC_MSGSEND = YES;
				GCC_C_LANGUAGE_STANDARD = gnu99;
				GCC_NO_COMMON_BLOCKS = YES;
				GCC_WARN_64_TO_32_BIT_CONVERSION = YES;
				GCC_WARN_ABOUT_RETURN_TYPE = YES_ERROR;
				GCC_WARN_UNDECLARED_SELECTOR = YES;
				GCC_WARN_UNINITIALIZED_AUTOS = YES_AGGRESSIVE;
				GCC_WARN_UNUSED_FUNCTION = YES;
				GCC_WARN_UNUSED_VARIABLE = YES;
				IPHONEOS_DEPLOYMENT_TARGET = 9.2;
				MTL_ENABLE_DEBUG_INFO = NO;
				SDKROOT = iphoneos;
				TARGETED_DEVICE_FAMILY = "1,2";
				VALIDATE_PRODUCT = YES;
			};
			name = Release;
		};
		0CD1F1BD1C43519F0081EA7A /* Debug */ = {
			isa = XCBuildConfiguration;
			baseConfigurationReference = 08E7E85B655C1FFB575A0EC9 /* Pods.debug.xcconfig */;
			buildSettings = {
				ASSETCATALOG_COMPILER_APPICON_NAME = AppIcon;
				CLANG_ENABLE_MODULES = YES;
				GCC_PRECOMPILE_PREFIX_HEADER = YES;
				GCC_PREFIX_HEADER = "/Users/zhaoyongdan/Desktop/Internshiptour/Internshiptour/Internshiptour/Internshiptour-Prefix.pch";
				INFOPLIST_FILE = Internshiptour/Info.plist;
				LD_RUNPATH_SEARCH_PATHS = "$(inherited) @executable_path/Frameworks";
				PRODUCT_BUNDLE_IDENTIFIER = "Shenzhen-Qianhai-Internshiptour-Co.Ltd.Internshiptour";
				PRODUCT_NAME = "$(TARGET_NAME)";
				SWIFT_OBJC_BRIDGING_HEADER = "Internshiptour/Internshiptour-Bridging-Header.h";
				SWIFT_OPTIMIZATION_LEVEL = "-Onone";
			};
			name = Debug;
		};
		0CD1F1BE1C43519F0081EA7A /* Release */ = {
			isa = XCBuildConfiguration;
			baseConfigurationReference = 83A21A025EA7A7F50E0E7F81 /* Pods.release.xcconfig */;
			buildSettings = {
				ASSETCATALOG_COMPILER_APPICON_NAME = AppIcon;
				CLANG_ENABLE_MODULES = YES;
				GCC_PRECOMPILE_PREFIX_HEADER = YES;
				GCC_PREFIX_HEADER = "/Users/zhaoyongdan/Desktop/Internshiptour/Internshiptour/Internshiptour/Internshiptour-Prefix.pch";
				INFOPLIST_FILE = Internshiptour/Info.plist;
				LD_RUNPATH_SEARCH_PATHS = "$(inherited) @executable_path/Frameworks";
				PRODUCT_BUNDLE_IDENTIFIER = "Shenzhen-Qianhai-Internshiptour-Co.Ltd.Internshiptour";
				PRODUCT_NAME = "$(TARGET_NAME)";
				SWIFT_OBJC_BRIDGING_HEADER = "Internshiptour/Internshiptour-Bridging-Header.h";
			};
			name = Release;
		};
		0CD1F1C01C43519F0081EA7A /* Debug */ = {
			isa = XCBuildConfiguration;
			buildSettings = {
				BUNDLE_LOADER = "$(TEST_HOST)";
				INFOPLIST_FILE = InternshiptourTests/Info.plist;
				LD_RUNPATH_SEARCH_PATHS = "$(inherited) @executable_path/Frameworks @loader_path/Frameworks";
				PRODUCT_BUNDLE_IDENTIFIER = "Shenzhen-Qianhai-Internshiptour-Co.Ltd.InternshiptourTests";
				PRODUCT_NAME = "$(TARGET_NAME)";
				TEST_HOST = "$(BUILT_PRODUCTS_DIR)/Internshiptour.app/Internshiptour";
			};
			name = Debug;
		};
		0CD1F1C11C43519F0081EA7A /* Release */ = {
			isa = XCBuildConfiguration;
			buildSettings = {
				BUNDLE_LOADER = "$(TEST_HOST)";
				INFOPLIST_FILE = InternshiptourTests/Info.plist;
				LD_RUNPATH_SEARCH_PATHS = "$(inherited) @executable_path/Frameworks @loader_path/Frameworks";
				PRODUCT_BUNDLE_IDENTIFIER = "Shenzhen-Qianhai-Internshiptour-Co.Ltd.InternshiptourTests";
				PRODUCT_NAME = "$(TARGET_NAME)";
				TEST_HOST = "$(BUILT_PRODUCTS_DIR)/Internshiptour.app/Internshiptour";
			};
			name = Release;
		};
		0CD1F1C31C43519F0081EA7A /* Debug */ = {
			isa = XCBuildConfiguration;
			buildSettings = {
				INFOPLIST_FILE = InternshiptourUITests/Info.plist;
				LD_RUNPATH_SEARCH_PATHS = "$(inherited) @executable_path/Frameworks @loader_path/Frameworks";
				PRODUCT_BUNDLE_IDENTIFIER = "Shenzhen-Qianhai-Internshiptour-Co.Ltd.InternshiptourUITests";
				PRODUCT_NAME = "$(TARGET_NAME)";
				TEST_TARGET_NAME = Internshiptour;
				USES_XCTRUNNER = YES;
			};
			name = Debug;
		};
		0CD1F1C41C43519F0081EA7A /* Release */ = {
			isa = XCBuildConfiguration;
			buildSettings = {
				INFOPLIST_FILE = InternshiptourUITests/Info.plist;
				LD_RUNPATH_SEARCH_PATHS = "$(inherited) @executable_path/Frameworks @loader_path/Frameworks";
				PRODUCT_BUNDLE_IDENTIFIER = "Shenzhen-Qianhai-Internshiptour-Co.Ltd.InternshiptourUITests";
				PRODUCT_NAME = "$(TARGET_NAME)";
				TEST_TARGET_NAME = Internshiptour;
				USES_XCTRUNNER = YES;
			};
			name = Release;
		};
/* End XCBuildConfiguration section */

/* Begin XCConfigurationList section */
		0CD1F18A1C43519E0081EA7A /* Build configuration list for PBXProject "Internshiptour" */ = {
			isa = XCConfigurationList;
			buildConfigurations = (
				0CD1F1BA1C43519F0081EA7A /* Debug */,
				0CD1F1BB1C43519F0081EA7A /* Release */,
			);
			defaultConfigurationIsVisible = 0;
			defaultConfigurationName = Release;
		};
		0CD1F1BC1C43519F0081EA7A /* Build configuration list for PBXNativeTarget "Internshiptour" */ = {
			isa = XCConfigurationList;
			buildConfigurations = (
				0CD1F1BD1C43519F0081EA7A /* Debug */,
				0CD1F1BE1C43519F0081EA7A /* Release */,
			);
			defaultConfigurationIsVisible = 0;
			defaultConfigurationName = Release;
		};
		0CD1F1BF1C43519F0081EA7A /* Build configuration list for PBXNativeTarget "InternshiptourTests" */ = {
			isa = XCConfigurationList;
			buildConfigurations = (
				0CD1F1C01C43519F0081EA7A /* Debug */,
				0CD1F1C11C43519F0081EA7A /* Release */,
			);
			defaultConfigurationIsVisible = 0;
			defaultConfigurationName = Release;
		};
		0CD1F1C21C43519F0081EA7A /* Build configuration list for PBXNativeTarget "InternshiptourUITests" */ = {
			isa = XCConfigurationList;
			buildConfigurations = (
				0CD1F1C31C43519F0081EA7A /* Debug */,
				0CD1F1C41C43519F0081EA7A /* Release */,
			);
			defaultConfigurationIsVisible = 0;
			defaultConfigurationName = Release;
		};
/* End XCConfigurationList section */
	};
	rootObject = 0CD1F1871C43519E0081EA7A /* Project object */;
}
