PODS:
  - AFNetworking (2.6.3):
    - AFNetworking/NSURLConnection (= 2.6.3)
    - AFNetworking/NSURLSession (= 2.6.3)
    - AFNetworking/Reachability (= 2.6.3)
    - AFNetworking/Security (= 2.6.3)
    - AFNetworking/Serialization (= 2.6.3)
    - AFNetworking/UIKit (= 2.6.3)
  - AFNetworking/NSURLConnection (2.6.3):
    - AFNetworking/Reachability
    - AFNetworking/Security
    - AFNetworking/Serialization
  - AFNetworking/NSURLSession (2.6.3):
    - AFNetworking/Reachability
    - AFNetworking/Security
    - AFNetworking/Serialization
  - AFNetworking/Reachability (2.6.3)
  - AFNetworking/Security (2.6.3)
  - AFNetworking/Serialization (2.6.3)
  - AFNetworking/UIKit (2.6.3):
    - AFNetworking/NSURLConnection
    - AFNetworking/NSURLSession
  - CardIO (5.3.1)
  - FMDB (2.6):
    - FMDB/standard (= 2.6)
  - FMDB/standard (2.6)
  - Masonry (0.6.4)
  - MBProgressHUD (0.9.2)
  - MJRefresh (3.1.0)
  - PayPal-iOS-SDK (2.13.1):
    - PayPal-iOS-SDK/CardIO (= 2.13.1)
    - PayPal-iOS-SDK/Core (= 2.13.1)
  - PayPal-iOS-SDK/CardIO (2.13.1):
    - CardIO (~> 5.3.1)
  - PayPal-iOS-SDK/Core (2.13.1)
  - WMPageController (1.4.0)

DEPENDENCIES:
  - AFNetworking (~> 2.0)
  - FMDB
  - Masonry
  - MBProgressHUD (~> 0.9.2)
  - MJRefresh
  - PayPal-iOS-SDK
  - WMPageController

SPEC CHECKSUMS:
  AFNetworking: cb8d14a848e831097108418f5d49217339d4eb60
  CardIO: a299efcd0348c3b256a1da53f22951319c3855a2
  FMDB: c1968bab3ab0aed38f66cb778ae1e7fa9a652b6e
  Masonry: 281802d04d787ea2973179ee8bcb50500579ede2
  MBProgressHUD: 1569cf7ace17a8bac47aabfbb8580a49690386d1
  MJRefresh: 743e6404967d1c2c688472ea3ecfde247d872db4
  PayPal-iOS-SDK: fc36f26c818d31b014044ec0b22c0861b2fe733f
  WMPageController: 6515091ceca9ad834e52d041611d33cb8999ac83

COCOAPODS: 0.38.2
